// !$*UTF8*$!
{
	archiveVersion = 1;
	classes = {
	};
	objectVersion = 55;
	objects = {

/* Begin PBXBuildFile section */
		031FC8CC2B7929B7005E7F26 /* Keychain.swift in Sources */ = {isa = PBXBuildFile; fileRef = 031FC8CB2B7929B7005E7F26 /* Keychain.swift */; };
		0320309B2B2D27AF00D132C0 /* GitHubSheetModel.swift in Sources */ = {isa = PBXBuildFile; fileRef = 0320309A2B2D27AF00D132C0 /* GitHubSheetModel.swift */; };
		0322051A2B8EA73100205DC6 /* Hummingbird in Frameworks */ = {isa = PBXBuildFile; productRef = 032205192B8EA73100205DC6 /* Hummingbird */; };
		0322051D2B8FF20300205DC6 /* EmptyPipelines.json in Resources */ = {isa = PBXBuildFile; fileRef = 0322051C2B8FF20300205DC6 /* EmptyPipelines.json */; };
		032205212B913C4E00205DC6 /* GitHubWorkflowsResponse.json in Resources */ = {isa = PBXBuildFile; fileRef = 032205202B913C4E00205DC6 /* GitHubWorkflowsResponse.json */; };
		032205232B913CC000205DC6 /* GitHubWorkflowRunsResponse.json in Resources */ = {isa = PBXBuildFile; fileRef = 032205222B913CC000205DC6 /* GitHubWorkflowRunsResponse.json */; };
		032205252B913D4000205DC6 /* GitHubReposByUserResponse.json in Resources */ = {isa = PBXBuildFile; fileRef = 032205242B913D4000205DC6 /* GitHubReposByUserResponse.json */; };
		032205272B91C18600205DC6 /* CCTrayPipeline.json in Resources */ = {isa = PBXBuildFile; fileRef = 032205262B91C18600205DC6 /* CCTrayPipeline.json */; };
		032205292B96677200205DC6 /* GitHubUserReposResponse.json in Resources */ = {isa = PBXBuildFile; fileRef = 032205282B96677200205DC6 /* GitHubUserReposResponse.json */; };
		0322052B2B96708200205DC6 /* GitHubPipelineLocalhost.json in Resources */ = {isa = PBXBuildFile; fileRef = 0322052A2B96708200205DC6 /* GitHubPipelineLocalhost.json */; };
		0322052E2B96769800205DC6 /* HummingbirdAuth in Frameworks */ = {isa = PBXBuildFile; productRef = 0322052D2B96769800205DC6 /* HummingbirdAuth */; };
		032205322B9BDDC300205DC6 /* ThreePipelines.json in Resources */ = {isa = PBXBuildFile; fileRef = 032205312B9BDDC300205DC6 /* ThreePipelines.json */; };
		032205392B9D29DB00205DC6 /* SettingsAccess in Frameworks */ = {isa = PBXBuildFile; productRef = 032205382B9D29DB00205DC6 /* SettingsAccess */; };
		0322053B2B9E5DBB00205DC6 /* TestHelper.swift in Sources */ = {isa = PBXBuildFile; fileRef = 0322053A2B9E5DBB00205DC6 /* TestHelper.swift */; };
		0322053D2B9E5F9A00205DC6 /* MenuTests.swift in Sources */ = {isa = PBXBuildFile; fileRef = 0322053C2B9E5F9A00205DC6 /* MenuTests.swift */; };
		0322053F2B9E601D00205DC6 /* PipelineWindowTests.swift in Sources */ = {isa = PBXBuildFile; fileRef = 0322053E2B9E601D00205DC6 /* PipelineWindowTests.swift */; };
		032205412B9E606600205DC6 /* CCTrayTests.swift in Sources */ = {isa = PBXBuildFile; fileRef = 032205402B9E606600205DC6 /* CCTrayTests.swift */; };
		032205432B9E615800205DC6 /* GitHubTests.swift in Sources */ = {isa = PBXBuildFile; fileRef = 032205422B9E615800205DC6 /* GitHubTests.swift */; };
		03278EA32E1FEE2300995F34 /* GitLabFeedReader.swift in Sources */ = {isa = PBXBuildFile; fileRef = 03278EA12E1FEE2300995F34 /* GitLabFeedReader.swift */; };
		03278EA42E1FEE2300995F34 /* GitLabResponseParser.swift in Sources */ = {isa = PBXBuildFile; fileRef = 03278EA22E1FEE2300995F34 /* GitLabResponseParser.swift */; };
		03278EA52E1FEE2300995F34 /* GitLabAPI.swift in Sources */ = {isa = PBXBuildFile; fileRef = 03278EA02E1FEE2300995F34 /* GitLabAPI.swift */; };
		0329F89E25B0F0F10043FAB1 /* AppearanceSettings.swift in Sources */ = {isa = PBXBuildFile; fileRef = 0329F89D25B0F0F10043FAB1 /* AppearanceSettings.swift */; };
		0329F8E125B0F6880043FAB1 /* CCMenuApp.swift in Sources */ = {isa = PBXBuildFile; fileRef = 0329F8E025B0F6880043FAB1 /* CCMenuApp.swift */; };
		0331F39F29A8155000245956 /* MenuExtraViewModel.swift in Sources */ = {isa = PBXBuildFile; fileRef = 0331F39E29A8155000245956 /* MenuExtraViewModel.swift */; };
		0336DBAA29846EB800E5811C /* README.md in Resources */ = {isa = PBXBuildFile; fileRef = 0336DBA929846EB800E5811C /* README.md */; };
		0336DBAC29848FE200E5811C /* AddCCTrayPipelineSheet.swift in Sources */ = {isa = PBXBuildFile; fileRef = 0336DBAB29848FE200E5811C /* AddCCTrayPipelineSheet.swift */; };
		0336DBAE2984903B00E5811C /* AddGitHubPipelineSheet.swift in Sources */ = {isa = PBXBuildFile; fileRef = 0336DBAD2984903A00E5811C /* AddGitHubPipelineSheet.swift */; };
		03412ADF2B5DCC8A00EFDFCB /* CCTrayProjectList.swift in Sources */ = {isa = PBXBuildFile; fileRef = 03412ADE2B5DCC8A00EFDFCB /* CCTrayProjectList.swift */; };
		03412AE12B5DCD5100EFDFCB /* CCTrayAPI.swift in Sources */ = {isa = PBXBuildFile; fileRef = 03412AE02B5DCD5100EFDFCB /* CCTrayAPI.swift */; };
		03412AE32B5DCF4200EFDFCB /* CCTraySheetModel.swift in Sources */ = {isa = PBXBuildFile; fileRef = 03412AE22B5DCF4200EFDFCB /* CCTraySheetModel.swift */; };
		034ED9C32F2A595100C7793E /* GitLabAPITests.swift in Sources */ = {isa = PBXBuildFile; fileRef = 034ED9C22F2A595100C7793E /* GitLabAPITests.swift */; };
		035F86FE2BB37A6600AD1D68 /* CCTrayAuthView.swift in Sources */ = {isa = PBXBuildFile; fileRef = 035F86FD2BB37A6600AD1D68 /* CCTrayAuthView.swift */; };
		035F87022BB3829300AD1D68 /* PipelineListMenu.swift in Sources */ = {isa = PBXBuildFile; fileRef = 035F87012BB3829300AD1D68 /* PipelineListMenu.swift */; };
		035F87062BB4D53600AD1D68 /* SignInAtGitHubSheet.swift in Sources */ = {isa = PBXBuildFile; fileRef = 035F87052BB4D53600AD1D68 /* SignInAtGitHubSheet.swift */; };
		0362EBED2B521BD50079DEFE /* NotificationFactory.swift in Sources */ = {isa = PBXBuildFile; fileRef = 0362EBEC2B521BD50079DEFE /* NotificationFactory.swift */; };
		0362EBEF2B5313120079DEFE /* NotificationFactoryTests.swift in Sources */ = {isa = PBXBuildFile; fileRef = 0362EBEE2B5313120079DEFE /* NotificationFactoryTests.swift */; };
		0362EBF52B548C1D0079DEFE /* NotificationReceiver.swift in Sources */ = {isa = PBXBuildFile; fileRef = 0362EBF42B548C1D0079DEFE /* NotificationReceiver.swift */; };
		037AB215297334EE00C33589 /* UserDefaultsExtension.swift in Sources */ = {isa = PBXBuildFile; fileRef = 037AB214297334EE00C33589 /* UserDefaultsExtension.swift */; };
		037AB2182979E30300C33589 /* MenuBarExtraMenu.swift in Sources */ = {isa = PBXBuildFile; fileRef = 037AB2172979E30300C33589 /* MenuBarExtraMenu.swift */; };
		037AB21A297B1DCD00C33589 /* MenuBarExtraLabel.swift in Sources */ = {isa = PBXBuildFile; fileRef = 037AB219297B1DCD00C33589 /* MenuBarExtraLabel.swift */; };
		037AB21C297B4D5F00C33589 /* PipelineModelTests.swift in Sources */ = {isa = PBXBuildFile; fileRef = 037AB21B297B4D5F00C33589 /* PipelineModelTests.swift */; };
		03825DE3259CFF0A00DEB003 /* Pipeline.swift in Sources */ = {isa = PBXBuildFile; fileRef = 03825DE2259CFF0A00DEB003 /* Pipeline.swift */; };
		03825DE8259D005B00DEB003 /* PipelineModel.swift in Sources */ = {isa = PBXBuildFile; fileRef = 03825DE7259D005B00DEB003 /* PipelineModel.swift */; };
		03825DF2259D01C600DEB003 /* PipelineRow.swift in Sources */ = {isa = PBXBuildFile; fileRef = 03825DF1259D01C600DEB003 /* PipelineRow.swift */; };
		03825DFA259D0ACF00DEB003 /* PipelineListView.swift in Sources */ = {isa = PBXBuildFile; fileRef = 03825DF9259D0ACF00DEB003 /* PipelineListView.swift */; };
		03825EA5259FFD1500DEB003 /* DefaultPipelines.json in Resources */ = {isa = PBXBuildFile; fileRef = 03825E9D259FF64A00DEB003 /* DefaultPipelines.json */; };
		0386E93D2BD07C9F006F7988 /* DebouncedText.swift in Sources */ = {isa = PBXBuildFile; fileRef = 0386E93C2BD07C9F006F7988 /* DebouncedText.swift */; };
		038FF7122BB6130C0017CD4C /* GitHubBranchList.swift in Sources */ = {isa = PBXBuildFile; fileRef = 038FF7112BB6130C0017CD4C /* GitHubBranchList.swift */; };
		038FF7142BB6212D0017CD4C /* GitHubBranchesResponse.json in Resources */ = {isa = PBXBuildFile; fileRef = 038FF7132BB6212D0017CD4C /* GitHubBranchesResponse.json */; };
		038FF7162BB62E6D0017CD4C /* GitHubReposByUserCCM2OnlyResponse.json in Resources */ = {isa = PBXBuildFile; fileRef = 038FF7152BB62E6D0017CD4C /* GitHubReposByUserCCM2OnlyResponse.json */; };
		038FF7182BB631CB0017CD4C /* URLComponentsExtension.swift in Sources */ = {isa = PBXBuildFile; fileRef = 038FF7172BB631CB0017CD4C /* URLComponentsExtension.swift */; };
		039B524629676D0700994910 /* Build.swift in Sources */ = {isa = PBXBuildFile; fileRef = 039B524529676D0700994910 /* Build.swift */; };
		03A3EF932D3459D400407A6F /* GitHubUserResponse.json in Resources */ = {isa = PBXBuildFile; fileRef = 03A3EF922D3459D400407A6F /* GitHubUserResponse.json */; };
		03A3EF942D3459D400407A6F /* GitHubUserOrgResponse.json in Resources */ = {isa = PBXBuildFile; fileRef = 03A3EF912D3459D400407A6F /* GitHubUserOrgResponse.json */; };
		03A3EF982D34650300407A6F /* GitHubReposByOrgResponse.json in Resources */ = {isa = PBXBuildFile; fileRef = 03A3EF972D34650300407A6F /* GitHubReposByOrgResponse.json */; };
		03B021252A5D9F9D00B889BE /* MenuExtraModelTests.swift in Sources */ = {isa = PBXBuildFile; fileRef = 03B021242A5D9F9D00B889BE /* MenuExtraModelTests.swift */; };
		03B1D75F2A6079CD007BCB8A /* MenuItemModelTests.swift in Sources */ = {isa = PBXBuildFile; fileRef = 03B1D75E2A6079CD007BCB8A /* MenuItemModelTests.swift */; };
		03B1D7612A607DD0007BCB8A /* PipelineRowViewModel.swift in Sources */ = {isa = PBXBuildFile; fileRef = 03B1D7602A607DD0007BCB8A /* PipelineRowViewModel.swift */; };
		03B1D7632A6085F1007BCB8A /* PipelineRowModelTests.swift in Sources */ = {isa = PBXBuildFile; fileRef = 03B1D7622A6085F1007BCB8A /* PipelineRowModelTests.swift */; };
		03B263F22B50968800CA989A /* StatusChange.swift in Sources */ = {isa = PBXBuildFile; fileRef = 03B263F12B50968800CA989A /* StatusChange.swift */; };
		03B263F42B509E5300CA989A /* StatusChangeTests.swift in Sources */ = {isa = PBXBuildFile; fileRef = 03B263F32B509E5300CA989A /* StatusChangeTests.swift */; };
		03B263F82B51FF2100CA989A /* NotificationSender.swift in Sources */ = {isa = PBXBuildFile; fileRef = 03B263F72B51FF2100CA989A /* NotificationSender.swift */; };
		03BD7E892598E579000F9495 /* AppDelegate.swift in Sources */ = {isa = PBXBuildFile; fileRef = 03BD7E882598E579000F9495 /* AppDelegate.swift */; };
		03BD7E8D2598E57A000F9495 /* Assets.xcassets in Resources */ = {isa = PBXBuildFile; fileRef = 03BD7E8C2598E57A000F9495 /* Assets.xcassets */; };
		03BD7E902598E57A000F9495 /* Preview Assets.xcassets in Resources */ = {isa = PBXBuildFile; fileRef = 03BD7E8F2598E57A000F9495 /* Preview Assets.xcassets */; };
		03BD7EDB2598ED9B000F9495 /* Credits.rtf in Resources */ = {isa = PBXBuildFile; fileRef = 03BD7EDA2598ED9B000F9495 /* Credits.rtf */; };
		03BD7EFA259A180C000F9495 /* NSImageExtension.swift in Sources */ = {isa = PBXBuildFile; fileRef = 03BD7EF9259A180C000F9495 /* NSImageExtension.swift */; };
		03CC11EA2652F49100130833 /* ServerMonitor.swift in Sources */ = {isa = PBXBuildFile; fileRef = 03CC11E92652F49100130833 /* ServerMonitor.swift */; };
		03CC11F02652F70800130833 /* CCTrayFeedReader.swift in Sources */ = {isa = PBXBuildFile; fileRef = 03CC11EF2652F70800130833 /* CCTrayFeedReader.swift */; };
		03CC11F2265467C200130833 /* CCTrayResponseParser.swift in Sources */ = {isa = PBXBuildFile; fileRef = 03CC11F1265467C200130833 /* CCTrayResponseParser.swift */; };
		03CC61CF2BA757050008EE76 /* TrustManager.swift in Sources */ = {isa = PBXBuildFile; fileRef = 03CC61CE2BA757050008EE76 /* TrustManager.swift */; };
		03CC61D12BA783EE0008EE76 /* NetworkMonitor.swift in Sources */ = {isa = PBXBuildFile; fileRef = 03CC61D02BA783EE0008EE76 /* NetworkMonitor.swift */; };
		03D4BB03265EE5840023F4CB /* GitHubFeedReader.swift in Sources */ = {isa = PBXBuildFile; fileRef = 03D4BB02265EE5840023F4CB /* GitHubFeedReader.swift */; };
		03D4BB05265EE6B50023F4CB /* GitHubResponseParser.swift in Sources */ = {isa = PBXBuildFile; fileRef = 03D4BB04265EE6B50023F4CB /* GitHubResponseParser.swift */; };
		03DA98DC2B4498BB0073F5BB /* GitHubRepositoryList.swift in Sources */ = {isa = PBXBuildFile; fileRef = 03DA98DB2B4498BB0073F5BB /* GitHubRepositoryList.swift */; };
		03DA98DE2B44B7320073F5BB /* GitHubWorkflowList.swift in Sources */ = {isa = PBXBuildFile; fileRef = 03DA98DD2B44B7320073F5BB /* GitHubWorkflowList.swift */; };
		03DA98E02B44BF620073F5BB /* GitHubPipelineBuilder.swift in Sources */ = {isa = PBXBuildFile; fileRef = 03DA98DF2B44BF620073F5BB /* GitHubPipelineBuilder.swift */; };
		03DA98E22B44CE1A0073F5BB /* GitHubAuthenticator.swift in Sources */ = {isa = PBXBuildFile; fileRef = 03DA98E12B44CE1A0073F5BB /* GitHubAuthenticator.swift */; };
		03DC9BBA2E240D170000E22E /* GitHubAPITests.swift in Sources */ = {isa = PBXBuildFile; fileRef = 03DC9BB92E240D030000E22E /* GitHubAPITests.swift */; };
		03DC9BDC2E2ABB9F0000E22E /* GitLabProjectList.swift in Sources */ = {isa = PBXBuildFile; fileRef = 03DC9BD92E2ABB9F0000E22E /* GitLabProjectList.swift */; };
		03DC9BDD2E2ABB9F0000E22E /* GitLabSheetModel.swift in Sources */ = {isa = PBXBuildFile; fileRef = 03DC9BDA2E2ABB9F0000E22E /* GitLabSheetModel.swift */; };
		03DC9BDE2E2ABB9F0000E22E /* GitLabBranchList.swift in Sources */ = {isa = PBXBuildFile; fileRef = 03DC9BD72E2ABB9F0000E22E /* GitLabBranchList.swift */; };
		03DC9BDF2E2ABB9F0000E22E /* GitLabPipelineBuilder.swift in Sources */ = {isa = PBXBuildFile; fileRef = 03DC9BD82E2ABB9F0000E22E /* GitLabPipelineBuilder.swift */; };
		03DC9BE02E2ABB9F0000E22E /* AddGitLabPipelineSheet.swift in Sources */ = {isa = PBXBuildFile; fileRef = 03DC9BD62E2ABB9F0000E22E /* AddGitLabPipelineSheet.swift */; };
		03DD697C2B61A26900D7AD9D /* CCTrayPipelineBuilder.swift in Sources */ = {isa = PBXBuildFile; fileRef = 03DD697B2B61A26900D7AD9D /* CCTrayPipelineBuilder.swift */; };
		03DD697E2B646E3800D7AD9D /* NSColorExtensions.swift in Sources */ = {isa = PBXBuildFile; fileRef = 03DD697D2B646E3800D7AD9D /* NSColorExtensions.swift */; };
		03DF19072D025292007D1A64 /* ComboBox.swift in Sources */ = {isa = PBXBuildFile; fileRef = 03DF19062D025292007D1A64 /* ComboBox.swift */; };
		03E6A9F72B2651C200284138 /* GitHubAPI.swift in Sources */ = {isa = PBXBuildFile; fileRef = 03E6A9F62B2651C200284138 /* GitHubAPI.swift */; };
		03F31CF525B8D29E005299A8 /* SettingsView.swift in Sources */ = {isa = PBXBuildFile; fileRef = 03F31CF425B8D29E005299A8 /* SettingsView.swift */; };
		03F31CFA25B8D52F005299A8 /* NotificationSettings.swift in Sources */ = {isa = PBXBuildFile; fileRef = 03F31CF925B8D52F005299A8 /* NotificationSettings.swift */; };
		03F31D0225B8D5F0005299A8 /* AdvancedSettings.swift in Sources */ = {isa = PBXBuildFile; fileRef = 03F31D0125B8D5F0005299A8 /* AdvancedSettings.swift */; };
		03F682FD25C73584005D56D9 /* EditPipelineSheet.swift in Sources */ = {isa = PBXBuildFile; fileRef = 03F682FC25C73584005D56D9 /* EditPipelineSheet.swift */; };
		03F6830B25C743F2005D56D9 /* PipelineListToolbar.swift in Sources */ = {isa = PBXBuildFile; fileRef = 03F6830A25C743F2005D56D9 /* PipelineListToolbar.swift */; };
		03F9B88E297C5D5B00FA866E /* CompactRelativeFormatStyle.swift in Sources */ = {isa = PBXBuildFile; fileRef = 03F9B88D297C5D5B00FA866E /* CompactRelativeFormatStyle.swift */; };
		03F9B890297C6EEC00FA866E /* CompactRelativeFormatStyleTests.swift in Sources */ = {isa = PBXBuildFile; fileRef = 03F9B88F297C6EEC00FA866E /* CompactRelativeFormatStyleTests.swift */; };
		03F9B894297D38AA00FA866E /* Pipeline.Status.swift in Sources */ = {isa = PBXBuildFile; fileRef = 03F9B893297D38AA00FA866E /* Pipeline.Status.swift */; };
		03F9B896297D486C00FA866E /* Pipeline.Feed.swift in Sources */ = {isa = PBXBuildFile; fileRef = 03F9B895297D486C00FA866E /* Pipeline.Feed.swift */; };
		03F9B898297D4D8F00FA866E /* MenuItemViewModel.swift in Sources */ = {isa = PBXBuildFile; fileRef = 03F9B897297D4D8F00FA866E /* MenuItemViewModel.swift */; };
		03F9B89A297D930A00FA866E /* CCTrayFeedReaderTests.swift in Sources */ = {isa = PBXBuildFile; fileRef = 03F9B899297D930A00FA866E /* CCTrayFeedReaderTests.swift */; };
		2FA2827139B00E15C5CD2E7F /* GitHubResponseParserTests.swift in Sources */ = {isa = PBXBuildFile; fileRef = 2FA2833D541ABE8B0D2E7615 /* GitHubResponseParserTests.swift */; };
		2FA28718B9A6BD8E1C32FF55 /* CCTrayResponseParserTests.swift in Sources */ = {isa = PBXBuildFile; fileRef = 2FA28075764358E9D929CECD /* CCTrayResponseParserTests.swift */; };
		2FA28FBCC0398D63EF2D2C16 /* NSImageExtensionTests.swift in Sources */ = {isa = PBXBuildFile; fileRef = 2FA28CB152CE8C0CFD6EE3A8 /* NSImageExtensionTests.swift */; };
		3C3ADA2B2BC0DAA500AEEEA1 /* PipelineDocument.swift in Sources */ = {isa = PBXBuildFile; fileRef = 3C3ADA2A2BC0DAA500AEEEA1 /* PipelineDocument.swift */; };
		3C4DEDA22B49AB7A00B85A8C /* NSWorkspaceExtension.swift in Sources */ = {isa = PBXBuildFile; fileRef = 3C4DEDA12B49AB7A00B85A8C /* NSWorkspaceExtension.swift */; };
		3C95D3512BAC601C007AED1E /* ServerMonitorIntegrationTests.swift in Sources */ = {isa = PBXBuildFile; fileRef = 3C95D3502BAC601C007AED1E /* ServerMonitorIntegrationTests.swift */; };
		3C95D3582BAC651A007AED1E /* Hummingbird in Frameworks */ = {isa = PBXBuildFile; productRef = 3C95D3572BAC651A007AED1E /* Hummingbird */; };
		3C9E0E532B9F143A00327CB9 /* NSApplicationExtension.swift in Sources */ = {isa = PBXBuildFile; fileRef = 3C9E0E522B9F143A00327CB9 /* NSApplicationExtension.swift */; };
		3CB911D52B7142A0009DF781 /* URLSessionExtension.swift in Sources */ = {isa = PBXBuildFile; fileRef = 3CB911D42B7142A0009DF781 /* URLSessionExtension.swift */; };
		3CB911D72B78E891009DF781 /* URLRequestExtension.swift in Sources */ = {isa = PBXBuildFile; fileRef = 3CB911D62B78E891009DF781 /* URLRequestExtension.swift */; };
		3CB911D92B78EB3F009DF781 /* URLRequestExtensionTests.swift in Sources */ = {isa = PBXBuildFile; fileRef = 3CB911D82B78EB3F009DF781 /* URLRequestExtensionTests.swift */; };
		3CC483472BDE955C00E4730F /* PipelineSheetConfig.swift in Sources */ = {isa = PBXBuildFile; fileRef = 3CC483462BDE955C00E4730F /* PipelineSheetConfig.swift */; };
/* End PBXBuildFile section */

/* Begin PBXContainerItemProxy section */
		03BD7E9B2598E57A000F9495 /* PBXContainerItemProxy */ = {
			isa = PBXContainerItemProxy;
			containerPortal = 03BD7E7D2598E578000F9495 /* Project object */;
			proxyType = 1;
			remoteGlobalIDString = 03BD7E842598E578000F9495;
			remoteInfo = CCMenu;
		};
		03BD7EA62598E57A000F9495 /* PBXContainerItemProxy */ = {
			isa = PBXContainerItemProxy;
			containerPortal = 03BD7E7D2598E578000F9495 /* Project object */;
			proxyType = 1;
			remoteGlobalIDString = 03BD7E842598E578000F9495;
			remoteInfo = CCMenu;
		};
		3C95D3522BAC601C007AED1E /* PBXContainerItemProxy */ = {
			isa = PBXContainerItemProxy;
			containerPortal = 03BD7E7D2598E578000F9495 /* Project object */;
			proxyType = 1;
			remoteGlobalIDString = 03BD7E842598E578000F9495;
			remoteInfo = CCMenu;
		};
/* End PBXContainerItemProxy section */

/* Begin PBXFileReference section */
		031FC8CB2B7929B7005E7F26 /* Keychain.swift */ = {isa = PBXFileReference; lastKnownFileType = sourcecode.swift; path = Keychain.swift; sourceTree = "<group>"; };
		0320309A2B2D27AF00D132C0 /* GitHubSheetModel.swift */ = {isa = PBXFileReference; lastKnownFileType = sourcecode.swift; path = GitHubSheetModel.swift; sourceTree = "<group>"; };
		0322051B2B8EAAE100205DC6 /* CCMenuUITests.entitlements */ = {isa = PBXFileReference; lastKnownFileType = text.plist.entitlements; path = CCMenuUITests.entitlements; sourceTree = "<group>"; };
		0322051C2B8FF20300205DC6 /* EmptyPipelines.json */ = {isa = PBXFileReference; lastKnownFileType = text.json; path = EmptyPipelines.json; sourceTree = "<group>"; };
		032205202B913C4E00205DC6 /* GitHubWorkflowsResponse.json */ = {isa = PBXFileReference; lastKnownFileType = text.json; path = GitHubWorkflowsResponse.json; sourceTree = "<group>"; };
		032205222B913CC000205DC6 /* GitHubWorkflowRunsResponse.json */ = {isa = PBXFileReference; lastKnownFileType = text.json; path = GitHubWorkflowRunsResponse.json; sourceTree = "<group>"; };
		032205242B913D4000205DC6 /* GitHubReposByUserResponse.json */ = {isa = PBXFileReference; lastKnownFileType = text.json; path = GitHubReposByUserResponse.json; sourceTree = "<group>"; };
		032205262B91C18600205DC6 /* CCTrayPipeline.json */ = {isa = PBXFileReference; lastKnownFileType = text.json; path = CCTrayPipeline.json; sourceTree = "<group>"; };
		032205282B96677200205DC6 /* GitHubUserReposResponse.json */ = {isa = PBXFileReference; fileEncoding = 4; lastKnownFileType = text.json; path = GitHubUserReposResponse.json; sourceTree = "<group>"; };
		0322052A2B96708200205DC6 /* GitHubPipelineLocalhost.json */ = {isa = PBXFileReference; fileEncoding = 4; lastKnownFileType = text.json; path = GitHubPipelineLocalhost.json; sourceTree = "<group>"; };
		032205312B9BDDC300205DC6 /* ThreePipelines.json */ = {isa = PBXFileReference; fileEncoding = 4; lastKnownFileType = text.json; path = ThreePipelines.json; sourceTree = "<group>"; };
		0322053A2B9E5DBB00205DC6 /* TestHelper.swift */ = {isa = PBXFileReference; lastKnownFileType = sourcecode.swift; path = TestHelper.swift; sourceTree = "<group>"; };
		0322053C2B9E5F9A00205DC6 /* MenuTests.swift */ = {isa = PBXFileReference; lastKnownFileType = sourcecode.swift; path = MenuTests.swift; sourceTree = "<group>"; };
		0322053E2B9E601D00205DC6 /* PipelineWindowTests.swift */ = {isa = PBXFileReference; lastKnownFileType = sourcecode.swift; path = PipelineWindowTests.swift; sourceTree = "<group>"; };
		032205402B9E606600205DC6 /* CCTrayTests.swift */ = {isa = PBXFileReference; lastKnownFileType = sourcecode.swift; path = CCTrayTests.swift; sourceTree = "<group>"; };
		032205422B9E615800205DC6 /* GitHubTests.swift */ = {isa = PBXFileReference; lastKnownFileType = sourcecode.swift; path = GitHubTests.swift; sourceTree = "<group>"; };
		03278EA02E1FEE2300995F34 /* GitLabAPI.swift */ = {isa = PBXFileReference; lastKnownFileType = sourcecode.swift; path = GitLabAPI.swift; sourceTree = "<group>"; };
		03278EA12E1FEE2300995F34 /* GitLabFeedReader.swift */ = {isa = PBXFileReference; lastKnownFileType = sourcecode.swift; path = GitLabFeedReader.swift; sourceTree = "<group>"; };
		03278EA22E1FEE2300995F34 /* GitLabResponseParser.swift */ = {isa = PBXFileReference; lastKnownFileType = sourcecode.swift; path = GitLabResponseParser.swift; sourceTree = "<group>"; };
		0329F89D25B0F0F10043FAB1 /* AppearanceSettings.swift */ = {isa = PBXFileReference; lastKnownFileType = sourcecode.swift; path = AppearanceSettings.swift; sourceTree = "<group>"; };
		0329F8E025B0F6880043FAB1 /* CCMenuApp.swift */ = {isa = PBXFileReference; lastKnownFileType = sourcecode.swift; path = CCMenuApp.swift; sourceTree = "<group>"; };
		0331F39E29A8155000245956 /* MenuExtraViewModel.swift */ = {isa = PBXFileReference; lastKnownFileType = sourcecode.swift; path = MenuExtraViewModel.swift; sourceTree = "<group>"; };
		0336DBA929846EB800E5811C /* README.md */ = {isa = PBXFileReference; fileEncoding = 4; lastKnownFileType = net.daringfireball.markdown; path = README.md; sourceTree = "<group>"; };
		0336DBAB29848FE200E5811C /* AddCCTrayPipelineSheet.swift */ = {isa = PBXFileReference; lastKnownFileType = sourcecode.swift; path = AddCCTrayPipelineSheet.swift; sourceTree = "<group>"; };
		0336DBAD2984903A00E5811C /* AddGitHubPipelineSheet.swift */ = {isa = PBXFileReference; lastKnownFileType = sourcecode.swift; path = AddGitHubPipelineSheet.swift; sourceTree = "<group>"; };
		03412ADE2B5DCC8A00EFDFCB /* CCTrayProjectList.swift */ = {isa = PBXFileReference; lastKnownFileType = sourcecode.swift; path = CCTrayProjectList.swift; sourceTree = "<group>"; };
		03412AE02B5DCD5100EFDFCB /* CCTrayAPI.swift */ = {isa = PBXFileReference; lastKnownFileType = sourcecode.swift; path = CCTrayAPI.swift; sourceTree = "<group>"; };
		03412AE22B5DCF4200EFDFCB /* CCTraySheetModel.swift */ = {isa = PBXFileReference; lastKnownFileType = sourcecode.swift; path = CCTraySheetModel.swift; sourceTree = "<group>"; };
		034ED9C22F2A595100C7793E /* GitLabAPITests.swift */ = {isa = PBXFileReference; lastKnownFileType = sourcecode.swift; path = GitLabAPITests.swift; sourceTree = "<group>"; };
		035F86FD2BB37A6600AD1D68 /* CCTrayAuthView.swift */ = {isa = PBXFileReference; lastKnownFileType = sourcecode.swift; path = CCTrayAuthView.swift; sourceTree = "<group>"; };
		035F87012BB3829300AD1D68 /* PipelineListMenu.swift */ = {isa = PBXFileReference; lastKnownFileType = sourcecode.swift; path = PipelineListMenu.swift; sourceTree = "<group>"; };
		035F87052BB4D53600AD1D68 /* SignInAtGitHubSheet.swift */ = {isa = PBXFileReference; lastKnownFileType = sourcecode.swift; path = SignInAtGitHubSheet.swift; sourceTree = "<group>"; };
		0362EBEC2B521BD50079DEFE /* NotificationFactory.swift */ = {isa = PBXFileReference; lastKnownFileType = sourcecode.swift; path = NotificationFactory.swift; sourceTree = "<group>"; };
		0362EBEE2B5313120079DEFE /* NotificationFactoryTests.swift */ = {isa = PBXFileReference; lastKnownFileType = sourcecode.swift; path = NotificationFactoryTests.swift; sourceTree = "<group>"; };
		0362EBF42B548C1D0079DEFE /* NotificationReceiver.swift */ = {isa = PBXFileReference; lastKnownFileType = sourcecode.swift; path = NotificationReceiver.swift; sourceTree = "<group>"; };
		037AB214297334EE00C33589 /* UserDefaultsExtension.swift */ = {isa = PBXFileReference; lastKnownFileType = sourcecode.swift; path = UserDefaultsExtension.swift; sourceTree = "<group>"; };
		037AB2172979E30300C33589 /* MenuBarExtraMenu.swift */ = {isa = PBXFileReference; lastKnownFileType = sourcecode.swift; path = MenuBarExtraMenu.swift; sourceTree = "<group>"; };
		037AB219297B1DCD00C33589 /* MenuBarExtraLabel.swift */ = {isa = PBXFileReference; lastKnownFileType = sourcecode.swift; path = MenuBarExtraLabel.swift; sourceTree = "<group>"; };
		037AB21B297B4D5F00C33589 /* PipelineModelTests.swift */ = {isa = PBXFileReference; lastKnownFileType = sourcecode.swift; path = PipelineModelTests.swift; sourceTree = "<group>"; };
		03825DE2259CFF0A00DEB003 /* Pipeline.swift */ = {isa = PBXFileReference; lastKnownFileType = sourcecode.swift; path = Pipeline.swift; sourceTree = "<group>"; };
		03825DE7259D005B00DEB003 /* PipelineModel.swift */ = {isa = PBXFileReference; lastKnownFileType = sourcecode.swift; path = PipelineModel.swift; sourceTree = "<group>"; };
		03825DF1259D01C600DEB003 /* PipelineRow.swift */ = {isa = PBXFileReference; lastKnownFileType = sourcecode.swift; path = PipelineRow.swift; sourceTree = "<group>"; };
		03825DF9259D0ACF00DEB003 /* PipelineListView.swift */ = {isa = PBXFileReference; lastKnownFileType = sourcecode.swift; path = PipelineListView.swift; sourceTree = "<group>"; };
		03825E9D259FF64A00DEB003 /* DefaultPipelines.json */ = {isa = PBXFileReference; lastKnownFileType = text.json; path = DefaultPipelines.json; sourceTree = "<group>"; };
		0386E93C2BD07C9F006F7988 /* DebouncedText.swift */ = {isa = PBXFileReference; lastKnownFileType = sourcecode.swift; path = DebouncedText.swift; sourceTree = "<group>"; };
		038FF7112BB6130C0017CD4C /* GitHubBranchList.swift */ = {isa = PBXFileReference; lastKnownFileType = sourcecode.swift; path = GitHubBranchList.swift; sourceTree = "<group>"; };
		038FF7132BB6212D0017CD4C /* GitHubBranchesResponse.json */ = {isa = PBXFileReference; fileEncoding = 4; lastKnownFileType = text.json; path = GitHubBranchesResponse.json; sourceTree = "<group>"; };
		038FF7152BB62E6D0017CD4C /* GitHubReposByUserCCM2OnlyResponse.json */ = {isa = PBXFileReference; fileEncoding = 4; lastKnownFileType = text.json; path = GitHubReposByUserCCM2OnlyResponse.json; sourceTree = "<group>"; };
		038FF7172BB631CB0017CD4C /* URLComponentsExtension.swift */ = {isa = PBXFileReference; lastKnownFileType = sourcecode.swift; path = URLComponentsExtension.swift; sourceTree = "<group>"; };
		039B524529676D0700994910 /* Build.swift */ = {isa = PBXFileReference; lastKnownFileType = sourcecode.swift; path = Build.swift; sourceTree = "<group>"; };
		03A3EF912D3459D400407A6F /* GitHubUserOrgResponse.json */ = {isa = PBXFileReference; lastKnownFileType = text.json; path = GitHubUserOrgResponse.json; sourceTree = "<group>"; };
		03A3EF922D3459D400407A6F /* GitHubUserResponse.json */ = {isa = PBXFileReference; lastKnownFileType = text.json; path = GitHubUserResponse.json; sourceTree = "<group>"; };
		03A3EF972D34650300407A6F /* GitHubReposByOrgResponse.json */ = {isa = PBXFileReference; lastKnownFileType = text.json; path = GitHubReposByOrgResponse.json; sourceTree = "<group>"; };
		03B021242A5D9F9D00B889BE /* MenuExtraModelTests.swift */ = {isa = PBXFileReference; lastKnownFileType = sourcecode.swift; path = MenuExtraModelTests.swift; sourceTree = "<group>"; };
		03B1D75E2A6079CD007BCB8A /* MenuItemModelTests.swift */ = {isa = PBXFileReference; lastKnownFileType = sourcecode.swift; path = MenuItemModelTests.swift; sourceTree = "<group>"; };
		03B1D7602A607DD0007BCB8A /* PipelineRowViewModel.swift */ = {isa = PBXFileReference; lastKnownFileType = sourcecode.swift; path = PipelineRowViewModel.swift; sourceTree = "<group>"; };
		03B1D7622A6085F1007BCB8A /* PipelineRowModelTests.swift */ = {isa = PBXFileReference; lastKnownFileType = sourcecode.swift; path = PipelineRowModelTests.swift; sourceTree = "<group>"; };
		03B263F12B50968800CA989A /* StatusChange.swift */ = {isa = PBXFileReference; lastKnownFileType = sourcecode.swift; path = StatusChange.swift; sourceTree = "<group>"; };
		03B263F32B509E5300CA989A /* StatusChangeTests.swift */ = {isa = PBXFileReference; lastKnownFileType = sourcecode.swift; path = StatusChangeTests.swift; sourceTree = "<group>"; };
		03B263F72B51FF2100CA989A /* NotificationSender.swift */ = {isa = PBXFileReference; lastKnownFileType = sourcecode.swift; path = NotificationSender.swift; sourceTree = "<group>"; };
		03BD7E852598E578000F9495 /* CCMenu.app */ = {isa = PBXFileReference; explicitFileType = wrapper.application; includeInIndex = 0; path = CCMenu.app; sourceTree = BUILT_PRODUCTS_DIR; };
		03BD7E882598E579000F9495 /* AppDelegate.swift */ = {isa = PBXFileReference; lastKnownFileType = sourcecode.swift; path = AppDelegate.swift; sourceTree = "<group>"; };
		03BD7E8C2598E57A000F9495 /* Assets.xcassets */ = {isa = PBXFileReference; lastKnownFileType = folder.assetcatalog; path = Assets.xcassets; sourceTree = "<group>"; };
		03BD7E8F2598E57A000F9495 /* Preview Assets.xcassets */ = {isa = PBXFileReference; lastKnownFileType = folder.assetcatalog; path = "Preview Assets.xcassets"; sourceTree = "<group>"; };
		03BD7E942598E57A000F9495 /* Info.plist */ = {isa = PBXFileReference; lastKnownFileType = text.plist.xml; path = Info.plist; sourceTree = "<group>"; };
		03BD7E952598E57A000F9495 /* CCMenu.entitlements */ = {isa = PBXFileReference; lastKnownFileType = text.plist.entitlements; path = CCMenu.entitlements; sourceTree = "<group>"; };
		03BD7E9A2598E57A000F9495 /* CCMenuTests.xctest */ = {isa = PBXFileReference; explicitFileType = wrapper.cfbundle; includeInIndex = 0; path = CCMenuTests.xctest; sourceTree = BUILT_PRODUCTS_DIR; };
		03BD7EA52598E57A000F9495 /* CCMenuUITests.xctest */ = {isa = PBXFileReference; explicitFileType = wrapper.cfbundle; includeInIndex = 0; path = CCMenuUITests.xctest; sourceTree = BUILT_PRODUCTS_DIR; };
		03BD7EDA2598ED9B000F9495 /* Credits.rtf */ = {isa = PBXFileReference; lastKnownFileType = text.rtf; path = Credits.rtf; sourceTree = "<group>"; };
		03BD7EF9259A180C000F9495 /* NSImageExtension.swift */ = {isa = PBXFileReference; lastKnownFileType = sourcecode.swift; path = NSImageExtension.swift; sourceTree = "<group>"; };
		03CC11E92652F49100130833 /* ServerMonitor.swift */ = {isa = PBXFileReference; lastKnownFileType = sourcecode.swift; path = ServerMonitor.swift; sourceTree = "<group>"; };
		03CC11EF2652F70800130833 /* CCTrayFeedReader.swift */ = {isa = PBXFileReference; lastKnownFileType = sourcecode.swift; path = CCTrayFeedReader.swift; sourceTree = "<group>"; };
		03CC11F1265467C200130833 /* CCTrayResponseParser.swift */ = {isa = PBXFileReference; lastKnownFileType = sourcecode.swift; path = CCTrayResponseParser.swift; sourceTree = "<group>"; };
		03CC61CE2BA757050008EE76 /* TrustManager.swift */ = {isa = PBXFileReference; lastKnownFileType = sourcecode.swift; path = TrustManager.swift; sourceTree = "<group>"; };
		03CC61D02BA783EE0008EE76 /* NetworkMonitor.swift */ = {isa = PBXFileReference; lastKnownFileType = sourcecode.swift; path = NetworkMonitor.swift; sourceTree = "<group>"; };
		03D4BB02265EE5840023F4CB /* GitHubFeedReader.swift */ = {isa = PBXFileReference; lastKnownFileType = sourcecode.swift; path = GitHubFeedReader.swift; sourceTree = "<group>"; };
		03D4BB04265EE6B50023F4CB /* GitHubResponseParser.swift */ = {isa = PBXFileReference; lastKnownFileType = sourcecode.swift; path = GitHubResponseParser.swift; sourceTree = "<group>"; };
		03DA98DB2B4498BB0073F5BB /* GitHubRepositoryList.swift */ = {isa = PBXFileReference; lastKnownFileType = sourcecode.swift; path = GitHubRepositoryList.swift; sourceTree = "<group>"; };
		03DA98DD2B44B7320073F5BB /* GitHubWorkflowList.swift */ = {isa = PBXFileReference; lastKnownFileType = sourcecode.swift; path = GitHubWorkflowList.swift; sourceTree = "<group>"; };
		03DA98DF2B44BF620073F5BB /* GitHubPipelineBuilder.swift */ = {isa = PBXFileReference; lastKnownFileType = sourcecode.swift; path = GitHubPipelineBuilder.swift; sourceTree = "<group>"; };
		03DA98E12B44CE1A0073F5BB /* GitHubAuthenticator.swift */ = {isa = PBXFileReference; lastKnownFileType = sourcecode.swift; path = GitHubAuthenticator.swift; sourceTree = "<group>"; };
		03DC9BB92E240D030000E22E /* GitHubAPITests.swift */ = {isa = PBXFileReference; lastKnownFileType = sourcecode.swift; path = GitHubAPITests.swift; sourceTree = "<group>"; };
		03DC9BD62E2ABB9F0000E22E /* AddGitLabPipelineSheet.swift */ = {isa = PBXFileReference; lastKnownFileType = sourcecode.swift; path = AddGitLabPipelineSheet.swift; sourceTree = "<group>"; };
		03DC9BD72E2ABB9F0000E22E /* GitLabBranchList.swift */ = {isa = PBXFileReference; lastKnownFileType = sourcecode.swift; path = GitLabBranchList.swift; sourceTree = "<group>"; };
		03DC9BD82E2ABB9F0000E22E /* GitLabPipelineBuilder.swift */ = {isa = PBXFileReference; lastKnownFileType = sourcecode.swift; path = GitLabPipelineBuilder.swift; sourceTree = "<group>"; };
		03DC9BD92E2ABB9F0000E22E /* GitLabProjectList.swift */ = {isa = PBXFileReference; lastKnownFileType = sourcecode.swift; path = GitLabProjectList.swift; sourceTree = "<group>"; };
		03DC9BDA2E2ABB9F0000E22E /* GitLabSheetModel.swift */ = {isa = PBXFileReference; lastKnownFileType = sourcecode.swift; path = GitLabSheetModel.swift; sourceTree = "<group>"; };
		03DD697B2B61A26900D7AD9D /* CCTrayPipelineBuilder.swift */ = {isa = PBXFileReference; lastKnownFileType = sourcecode.swift; path = CCTrayPipelineBuilder.swift; sourceTree = "<group>"; };
		03DD697D2B646E3800D7AD9D /* NSColorExtensions.swift */ = {isa = PBXFileReference; lastKnownFileType = sourcecode.swift; path = NSColorExtensions.swift; sourceTree = "<group>"; };
		03DF19062D025292007D1A64 /* ComboBox.swift */ = {isa = PBXFileReference; lastKnownFileType = sourcecode.swift; path = ComboBox.swift; sourceTree = "<group>"; };
		03E6A9F62B2651C200284138 /* GitHubAPI.swift */ = {isa = PBXFileReference; fileEncoding = 4; lastKnownFileType = sourcecode.swift; path = GitHubAPI.swift; sourceTree = "<group>"; };
		03F31CF425B8D29E005299A8 /* SettingsView.swift */ = {isa = PBXFileReference; lastKnownFileType = sourcecode.swift; path = SettingsView.swift; sourceTree = "<group>"; };
		03F31CF925B8D52F005299A8 /* NotificationSettings.swift */ = {isa = PBXFileReference; lastKnownFileType = sourcecode.swift; path = NotificationSettings.swift; sourceTree = "<group>"; };
		03F31D0125B8D5F0005299A8 /* AdvancedSettings.swift */ = {isa = PBXFileReference; lastKnownFileType = sourcecode.swift; path = AdvancedSettings.swift; sourceTree = "<group>"; };
		03F682FC25C73584005D56D9 /* EditPipelineSheet.swift */ = {isa = PBXFileReference; fileEncoding = 4; lastKnownFileType = sourcecode.swift; path = EditPipelineSheet.swift; sourceTree = "<group>"; };
		03F6830A25C743F2005D56D9 /* PipelineListToolbar.swift */ = {isa = PBXFileReference; lastKnownFileType = sourcecode.swift; path = PipelineListToolbar.swift; sourceTree = "<group>"; };
		03F9B88D297C5D5B00FA866E /* CompactRelativeFormatStyle.swift */ = {isa = PBXFileReference; lastKnownFileType = sourcecode.swift; path = CompactRelativeFormatStyle.swift; sourceTree = "<group>"; };
		03F9B88F297C6EEC00FA866E /* CompactRelativeFormatStyleTests.swift */ = {isa = PBXFileReference; lastKnownFileType = sourcecode.swift; path = CompactRelativeFormatStyleTests.swift; sourceTree = "<group>"; };
		03F9B893297D38AA00FA866E /* Pipeline.Status.swift */ = {isa = PBXFileReference; lastKnownFileType = sourcecode.swift; path = Pipeline.Status.swift; sourceTree = "<group>"; };
		03F9B895297D486C00FA866E /* Pipeline.Feed.swift */ = {isa = PBXFileReference; lastKnownFileType = sourcecode.swift; path = Pipeline.Feed.swift; sourceTree = "<group>"; };
		03F9B897297D4D8F00FA866E /* MenuItemViewModel.swift */ = {isa = PBXFileReference; lastKnownFileType = sourcecode.swift; path = MenuItemViewModel.swift; sourceTree = "<group>"; };
		03F9B899297D930A00FA866E /* CCTrayFeedReaderTests.swift */ = {isa = PBXFileReference; lastKnownFileType = sourcecode.swift; path = CCTrayFeedReaderTests.swift; sourceTree = "<group>"; };
		2FA28075764358E9D929CECD /* CCTrayResponseParserTests.swift */ = {isa = PBXFileReference; fileEncoding = 4; lastKnownFileType = sourcecode.swift; path = CCTrayResponseParserTests.swift; sourceTree = "<group>"; };
		2FA2833D541ABE8B0D2E7615 /* GitHubResponseParserTests.swift */ = {isa = PBXFileReference; fileEncoding = 4; lastKnownFileType = sourcecode.swift; path = GitHubResponseParserTests.swift; sourceTree = "<group>"; };
		2FA28CB152CE8C0CFD6EE3A8 /* NSImageExtensionTests.swift */ = {isa = PBXFileReference; fileEncoding = 4; lastKnownFileType = sourcecode.swift; path = NSImageExtensionTests.swift; sourceTree = "<group>"; };
		3C3ADA2A2BC0DAA500AEEEA1 /* PipelineDocument.swift */ = {isa = PBXFileReference; lastKnownFileType = sourcecode.swift; path = PipelineDocument.swift; sourceTree = "<group>"; };
		3C4DEDA12B49AB7A00B85A8C /* NSWorkspaceExtension.swift */ = {isa = PBXFileReference; lastKnownFileType = sourcecode.swift; path = NSWorkspaceExtension.swift; sourceTree = "<group>"; };
		3C95D34E2BAC601C007AED1E /* CCMenuIntegrationTests.xctest */ = {isa = PBXFileReference; explicitFileType = wrapper.cfbundle; includeInIndex = 0; path = CCMenuIntegrationTests.xctest; sourceTree = BUILT_PRODUCTS_DIR; };
		3C95D3502BAC601C007AED1E /* ServerMonitorIntegrationTests.swift */ = {isa = PBXFileReference; lastKnownFileType = sourcecode.swift; path = ServerMonitorIntegrationTests.swift; sourceTree = "<group>"; };
		3C95D3612BAC6E8B007AED1E /* CCMenuTesting.entitlements */ = {isa = PBXFileReference; lastKnownFileType = text.plist.entitlements; path = CCMenuTesting.entitlements; sourceTree = "<group>"; };
		3C9E0E522B9F143A00327CB9 /* NSApplicationExtension.swift */ = {isa = PBXFileReference; lastKnownFileType = sourcecode.swift; path = NSApplicationExtension.swift; sourceTree = "<group>"; };
		3CB911D42B7142A0009DF781 /* URLSessionExtension.swift */ = {isa = PBXFileReference; lastKnownFileType = sourcecode.swift; path = URLSessionExtension.swift; sourceTree = "<group>"; };
		3CB911D62B78E891009DF781 /* URLRequestExtension.swift */ = {isa = PBXFileReference; lastKnownFileType = sourcecode.swift; path = URLRequestExtension.swift; sourceTree = "<group>"; };
		3CB911D82B78EB3F009DF781 /* URLRequestExtensionTests.swift */ = {isa = PBXFileReference; lastKnownFileType = sourcecode.swift; path = URLRequestExtensionTests.swift; sourceTree = "<group>"; };
		3CC483462BDE955C00E4730F /* PipelineSheetConfig.swift */ = {isa = PBXFileReference; lastKnownFileType = sourcecode.swift; path = PipelineSheetConfig.swift; sourceTree = "<group>"; };
/* End PBXFileReference section */

/* Begin PBXFrameworksBuildPhase section */
		03BD7E822598E578000F9495 /* Frameworks */ = {
			isa = PBXFrameworksBuildPhase;
			buildActionMask = 2147483647;
			files = (
				032205392B9D29DB00205DC6 /* SettingsAccess in Frameworks */,
			);
			runOnlyForDeploymentPostprocessing = 0;
		};
		03BD7E972598E57A000F9495 /* Frameworks */ = {
			isa = PBXFrameworksBuildPhase;
			buildActionMask = 2147483647;
			files = (
			);
			runOnlyForDeploymentPostprocessing = 0;
		};
		03BD7EA22598E57A000F9495 /* Frameworks */ = {
			isa = PBXFrameworksBuildPhase;
			buildActionMask = 2147483647;
			files = (
				0322051A2B8EA73100205DC6 /* Hummingbird in Frameworks */,
				0322052E2B96769800205DC6 /* HummingbirdAuth in Frameworks */,
			);
			runOnlyForDeploymentPostprocessing = 0;
		};
		3C95D34B2BAC601C007AED1E /* Frameworks */ = {
			isa = PBXFrameworksBuildPhase;
			buildActionMask = 2147483647;
			files = (
				3C95D3582BAC651A007AED1E /* Hummingbird in Frameworks */,
			);
			runOnlyForDeploymentPostprocessing = 0;
		};
/* End PBXFrameworksBuildPhase section */

/* Begin PBXGroup section */
		032205182B8EA73100205DC6 /* Frameworks */ = {
			isa = PBXGroup;
			children = (
			);
			name = Frameworks;
			sourceTree = "<group>";
		};
		0322051E2B9139A700205DC6 /* Pipelines */ = {
			isa = PBXGroup;
			children = (
				03825E9D259FF64A00DEB003 /* DefaultPipelines.json */,
				032205262B91C18600205DC6 /* CCTrayPipeline.json */,
				032205312B9BDDC300205DC6 /* ThreePipelines.json */,
				0322052A2B96708200205DC6 /* GitHubPipelineLocalhost.json */,
				0322051C2B8FF20300205DC6 /* EmptyPipelines.json */,
			);
			path = Pipelines;
			sourceTree = "<group>";
		};
		0322051F2B913BC900205DC6 /* Responses */ = {
			isa = PBXGroup;
			children = (
				03A3EF922D3459D400407A6F /* GitHubUserResponse.json */,
				03A3EF912D3459D400407A6F /* GitHubUserOrgResponse.json */,
				032205222B913CC000205DC6 /* GitHubWorkflowRunsResponse.json */,
				032205242B913D4000205DC6 /* GitHubReposByUserResponse.json */,
				038FF7152BB62E6D0017CD4C /* GitHubReposByUserCCM2OnlyResponse.json */,
				03A3EF972D34650300407A6F /* GitHubReposByOrgResponse.json */,
				032205282B96677200205DC6 /* GitHubUserReposResponse.json */,
				032205202B913C4E00205DC6 /* GitHubWorkflowsResponse.json */,
				038FF7132BB6212D0017CD4C /* GitHubBranchesResponse.json */,
			);
			path = Responses;
			sourceTree = "<group>";
		};
		0331B3012B3C9A60000FE134 /* GitHub Sheets */ = {
			isa = PBXGroup;
			children = (
				0336DBAD2984903A00E5811C /* AddGitHubPipelineSheet.swift */,
				035F87052BB4D53600AD1D68 /* SignInAtGitHubSheet.swift */,
				0320309A2B2D27AF00D132C0 /* GitHubSheetModel.swift */,
				03DA98DB2B4498BB0073F5BB /* GitHubRepositoryList.swift */,
				03DA98DD2B44B7320073F5BB /* GitHubWorkflowList.swift */,
				038FF7112BB6130C0017CD4C /* GitHubBranchList.swift */,
				03DA98E12B44CE1A0073F5BB /* GitHubAuthenticator.swift */,
				03DA98DF2B44BF620073F5BB /* GitHubPipelineBuilder.swift */,
			);
			path = "GitHub Sheets";
			sourceTree = "<group>";
		};
		03412ADD2B5DCC1600EFDFCB /* CCTray Sheets */ = {
			isa = PBXGroup;
			children = (
				0336DBAB29848FE200E5811C /* AddCCTrayPipelineSheet.swift */,
				035F86FD2BB37A6600AD1D68 /* CCTrayAuthView.swift */,
				03412AE22B5DCF4200EFDFCB /* CCTraySheetModel.swift */,
				03412ADE2B5DCC8A00EFDFCB /* CCTrayProjectList.swift */,
				03DD697B2B61A26900D7AD9D /* CCTrayPipelineBuilder.swift */,
			);
			path = "CCTray Sheets";
			sourceTree = "<group>";
		};
		03B263F62B51FEF800CA989A /* Notifications */ = {
			isa = PBXGroup;
			children = (
				03B263F72B51FF2100CA989A /* NotificationSender.swift */,
				0362EBEC2B521BD50079DEFE /* NotificationFactory.swift */,
				0362EBF42B548C1D0079DEFE /* NotificationReceiver.swift */,
			);
			path = Notifications;
			sourceTree = "<group>";
		};
		03BD7E7C2598E578000F9495 = {
			isa = PBXGroup;
			children = (
				0336DBA929846EB800E5811C /* README.md */,
				03BD7E872598E579000F9495 /* CCMenu */,
				03BD7E9D2598E57A000F9495 /* CCMenuTests */,
				3C95D34F2BAC601C007AED1E /* CCMenuIntegrationTests */,
				03BD7EA82598E57A000F9495 /* CCMenuUITests */,
				03BD7E862598E578000F9495 /* Products */,
				032205182B8EA73100205DC6 /* Frameworks */,
			);
			sourceTree = "<group>";
		};
		03BD7E862598E578000F9495 /* Products */ = {
			isa = PBXGroup;
			children = (
				03BD7E852598E578000F9495 /* CCMenu.app */,
				03BD7E9A2598E57A000F9495 /* CCMenuTests.xctest */,
				03BD7EA52598E57A000F9495 /* CCMenuUITests.xctest */,
				3C95D34E2BAC601C007AED1E /* CCMenuIntegrationTests.xctest */,
			);
			name = Products;
			sourceTree = "<group>";
		};
		03BD7E872598E579000F9495 /* CCMenu */ = {
			isa = PBXGroup;
			children = (
				03CC11E02652F06F00130833 /* Source */,
				03CC11E72652F1B700130833 /* Resources */,
				03BD7E8C2598E57A000F9495 /* Assets.xcassets */,
				03BD7E8E2598E57A000F9495 /* Preview Content */,
			);
			path = CCMenu;
			sourceTree = "<group>";
		};
		03BD7E8E2598E57A000F9495 /* Preview Content */ = {
			isa = PBXGroup;
			children = (
				03BD7E8F2598E57A000F9495 /* Preview Assets.xcassets */,
			);
			path = "Preview Content";
			sourceTree = "<group>";
		};
		03BD7E9D2598E57A000F9495 /* CCMenuTests */ = {
			isa = PBXGroup;
			children = (
				037AB21B297B4D5F00C33589 /* PipelineModelTests.swift */,
				03B263F32B509E5300CA989A /* StatusChangeTests.swift */,
				03B021242A5D9F9D00B889BE /* MenuExtraModelTests.swift */,
				03B1D75E2A6079CD007BCB8A /* MenuItemModelTests.swift */,
				03B1D7622A6085F1007BCB8A /* PipelineRowModelTests.swift */,
				03F9B899297D930A00FA866E /* CCTrayFeedReaderTests.swift */,
				2FA28075764358E9D929CECD /* CCTrayResponseParserTests.swift */,
				2FA2833D541ABE8B0D2E7615 /* GitHubResponseParserTests.swift */,
				03DC9BB92E240D030000E22E /* GitHubAPITests.swift */,
				034ED9C22F2A595100C7793E /* GitLabAPITests.swift */,
				0362EBEE2B5313120079DEFE /* NotificationFactoryTests.swift */,
				03F9B88F297C6EEC00FA866E /* CompactRelativeFormatStyleTests.swift */,
				3CB911D82B78EB3F009DF781 /* URLRequestExtensionTests.swift */,
				2FA28CB152CE8C0CFD6EE3A8 /* NSImageExtensionTests.swift */,
			);
			path = CCMenuTests;
			sourceTree = "<group>";
		};
		03BD7EA82598E57A000F9495 /* CCMenuUITests */ = {
			isa = PBXGroup;
			children = (
				0322053C2B9E5F9A00205DC6 /* MenuTests.swift */,
				0322053E2B9E601D00205DC6 /* PipelineWindowTests.swift */,
				032205402B9E606600205DC6 /* CCTrayTests.swift */,
				032205422B9E615800205DC6 /* GitHubTests.swift */,
				0322053A2B9E5DBB00205DC6 /* TestHelper.swift */,
				0322051E2B9139A700205DC6 /* Pipelines */,
				0322051F2B913BC900205DC6 /* Responses */,
				0322051B2B8EAAE100205DC6 /* CCMenuUITests.entitlements */,
			);
			path = CCMenuUITests;
			sourceTree = "<group>";
		};
		03CC11DF2652F02100130833 /* App */ = {
			isa = PBXGroup;
			children = (
				0329F8E025B0F6880043FAB1 /* CCMenuApp.swift */,
				03BD7E882598E579000F9495 /* AppDelegate.swift */,
			);
			path = App;
			sourceTree = "<group>";
		};
		03CC11E02652F06F00130833 /* Source */ = {
			isa = PBXGroup;
			children = (
				03CC11DF2652F02100130833 /* App */,
				03CC11E12652F08300130833 /* Model */,
				03CC11E22652F09800130833 /* Menu Bar Extra */,
				03CC11E32652F0B100130833 /* Pipeline Window */,
				03CC11E82652F38A00130833 /* Server Monitor */,
				03B263F62B51FEF800CA989A /* Notifications */,
				03CC11E42652F0D800130833 /* Settings */,
				03CC11E52652F0F200130833 /* Miscellaneous */,
			);
			path = Source;
			sourceTree = "<group>";
		};
		03CC11E12652F08300130833 /* Model */ = {
			isa = PBXGroup;
			children = (
				03825DE7259D005B00DEB003 /* PipelineModel.swift */,
				03825DE2259CFF0A00DEB003 /* Pipeline.swift */,
				03F9B895297D486C00FA866E /* Pipeline.Feed.swift */,
				03F9B893297D38AA00FA866E /* Pipeline.Status.swift */,
				039B524529676D0700994910 /* Build.swift */,
				03B263F12B50968800CA989A /* StatusChange.swift */,
				3C3ADA2A2BC0DAA500AEEEA1 /* PipelineDocument.swift */,
			);
			path = Model;
			sourceTree = "<group>";
		};
		03CC11E22652F09800130833 /* Menu Bar Extra */ = {
			isa = PBXGroup;
			children = (
				037AB219297B1DCD00C33589 /* MenuBarExtraLabel.swift */,
				0331F39E29A8155000245956 /* MenuExtraViewModel.swift */,
				037AB2172979E30300C33589 /* MenuBarExtraMenu.swift */,
				03F9B897297D4D8F00FA866E /* MenuItemViewModel.swift */,
			);
			path = "Menu Bar Extra";
			sourceTree = "<group>";
		};
		03CC11E32652F0B100130833 /* Pipeline Window */ = {
			isa = PBXGroup;
			children = (
				03825DF9259D0ACF00DEB003 /* PipelineListView.swift */,
				03825DF1259D01C600DEB003 /* PipelineRow.swift */,
				03B1D7602A607DD0007BCB8A /* PipelineRowViewModel.swift */,
				03F6830A25C743F2005D56D9 /* PipelineListToolbar.swift */,
				035F87012BB3829300AD1D68 /* PipelineListMenu.swift */,
				3CC483462BDE955C00E4730F /* PipelineSheetConfig.swift */,
				03F682FC25C73584005D56D9 /* EditPipelineSheet.swift */,
				03412ADD2B5DCC1600EFDFCB /* CCTray Sheets */,
				0331B3012B3C9A60000FE134 /* GitHub Sheets */,
				03DC9BDB2E2ABB9F0000E22E /* GitLab Sheets */,
			);
			path = "Pipeline Window";
			sourceTree = "<group>";
		};
		03CC11E42652F0D800130833 /* Settings */ = {
			isa = PBXGroup;
			children = (
				03F31CF425B8D29E005299A8 /* SettingsView.swift */,
				0329F89D25B0F0F10043FAB1 /* AppearanceSettings.swift */,
				03F31CF925B8D52F005299A8 /* NotificationSettings.swift */,
				03F31D0125B8D5F0005299A8 /* AdvancedSettings.swift */,
			);
			path = Settings;
			sourceTree = "<group>";
		};
		03CC11E52652F0F200130833 /* Miscellaneous */ = {
			isa = PBXGroup;
			children = (
				03DF19062D025292007D1A64 /* ComboBox.swift */,
				03F9B88D297C5D5B00FA866E /* CompactRelativeFormatStyle.swift */,
				0386E93C2BD07C9F006F7988 /* DebouncedText.swift */,
				031FC8CB2B7929B7005E7F26 /* Keychain.swift */,
				03CC61D02BA783EE0008EE76 /* NetworkMonitor.swift */,
				03CC61CE2BA757050008EE76 /* TrustManager.swift */,
				038FF7172BB631CB0017CD4C /* URLComponentsExtension.swift */,
				3CB911D62B78E891009DF781 /* URLRequestExtension.swift */,
				3CB911D42B7142A0009DF781 /* URLSessionExtension.swift */,
				037AB214297334EE00C33589 /* UserDefaultsExtension.swift */,
				3C9E0E522B9F143A00327CB9 /* NSApplicationExtension.swift */,
				03DD697D2B646E3800D7AD9D /* NSColorExtensions.swift */,
				03BD7EF9259A180C000F9495 /* NSImageExtension.swift */,
				3C4DEDA12B49AB7A00B85A8C /* NSWorkspaceExtension.swift */,
			);
			path = Miscellaneous;
			sourceTree = "<group>";
		};
		03CC11E72652F1B700130833 /* Resources */ = {
			isa = PBXGroup;
			children = (
				03BD7E942598E57A000F9495 /* Info.plist */,
				03BD7E952598E57A000F9495 /* CCMenu.entitlements */,
				3C95D3612BAC6E8B007AED1E /* CCMenuTesting.entitlements */,
				03BD7EDA2598ED9B000F9495 /* Credits.rtf */,
			);
			path = Resources;
			sourceTree = "<group>";
		};
		03CC11E82652F38A00130833 /* Server Monitor */ = {
			isa = PBXGroup;
			children = (
				03CC11E92652F49100130833 /* ServerMonitor.swift */,
				03CC11EF2652F70800130833 /* CCTrayFeedReader.swift */,
				03CC11F1265467C200130833 /* CCTrayResponseParser.swift */,
				03412AE02B5DCD5100EFDFCB /* CCTrayAPI.swift */,
				03D4BB02265EE5840023F4CB /* GitHubFeedReader.swift */,
				03D4BB04265EE6B50023F4CB /* GitHubResponseParser.swift */,
				03E6A9F62B2651C200284138 /* GitHubAPI.swift */,
				03278EA12E1FEE2300995F34 /* GitLabFeedReader.swift */,
				03278EA22E1FEE2300995F34 /* GitLabResponseParser.swift */,
				03278EA02E1FEE2300995F34 /* GitLabAPI.swift */,
			);
			path = "Server Monitor";
			sourceTree = "<group>";
		};
		03DC9BDB2E2ABB9F0000E22E /* GitLab Sheets */ = {
			isa = PBXGroup;
			children = (
				03DC9BD62E2ABB9F0000E22E /* AddGitLabPipelineSheet.swift */,
				03DC9BD72E2ABB9F0000E22E /* GitLabBranchList.swift */,
				03DC9BD82E2ABB9F0000E22E /* GitLabPipelineBuilder.swift */,
				03DC9BD92E2ABB9F0000E22E /* GitLabProjectList.swift */,
				03DC9BDA2E2ABB9F0000E22E /* GitLabSheetModel.swift */,
			);
			path = "GitLab Sheets";
			sourceTree = "<group>";
		};
		3C95D34F2BAC601C007AED1E /* CCMenuIntegrationTests */ = {
			isa = PBXGroup;
			children = (
				3C95D3502BAC601C007AED1E /* ServerMonitorIntegrationTests.swift */,
			);
			path = CCMenuIntegrationTests;
			sourceTree = "<group>";
		};
/* End PBXGroup section */

/* Begin PBXNativeTarget section */
		03BD7E842598E578000F9495 /* CCMenu */ = {
			isa = PBXNativeTarget;
			buildConfigurationList = 03BD7EAE2598E57A000F9495 /* Build configuration list for PBXNativeTarget "CCMenu" */;
			buildPhases = (
				03BD7E812598E578000F9495 /* Sources */,
				03BD7E822598E578000F9495 /* Frameworks */,
				03BD7E832598E578000F9495 /* Resources */,
				03BD7ED02598E883000F9495 /* ShellScript */,
			);
			buildRules = (
			);
			dependencies = (
			);
			name = CCMenu;
			packageProductDependencies = (
				032205382B9D29DB00205DC6 /* SettingsAccess */,
			);
			productName = CCMenu;
			productReference = 03BD7E852598E578000F9495 /* CCMenu.app */;
			productType = "com.apple.product-type.application";
		};
		03BD7E992598E57A000F9495 /* CCMenuTests */ = {
			isa = PBXNativeTarget;
			buildConfigurationList = 03BD7EB12598E57A000F9495 /* Build configuration list for PBXNativeTarget "CCMenuTests" */;
			buildPhases = (
				03BD7E962598E57A000F9495 /* Sources */,
				03BD7E972598E57A000F9495 /* Frameworks */,
				03BD7E982598E57A000F9495 /* Resources */,
			);
			buildRules = (
			);
			dependencies = (
				03BD7E9C2598E57A000F9495 /* PBXTargetDependency */,
			);
			name = CCMenuTests;
			productName = CCMenuTests;
			productReference = 03BD7E9A2598E57A000F9495 /* CCMenuTests.xctest */;
			productType = "com.apple.product-type.bundle.unit-test";
		};
		03BD7EA42598E57A000F9495 /* CCMenuUITests */ = {
			isa = PBXNativeTarget;
			buildConfigurationList = 03BD7EB42598E57A000F9495 /* Build configuration list for PBXNativeTarget "CCMenuUITests" */;
			buildPhases = (
				03BD7EA12598E57A000F9495 /* Sources */,
				03BD7EA22598E57A000F9495 /* Frameworks */,
				03BD7EA32598E57A000F9495 /* Resources */,
			);
			buildRules = (
			);
			dependencies = (
				03BD7EA72598E57A000F9495 /* PBXTargetDependency */,
			);
			name = CCMenuUITests;
			packageProductDependencies = (
				032205192B8EA73100205DC6 /* Hummingbird */,
				0322052D2B96769800205DC6 /* HummingbirdAuth */,
			);
			productName = CCMenuUITests;
			productReference = 03BD7EA52598E57A000F9495 /* CCMenuUITests.xctest */;
			productType = "com.apple.product-type.bundle.ui-testing";
		};
		3C95D34D2BAC601C007AED1E /* CCMenuIntegrationTests */ = {
			isa = PBXNativeTarget;
			buildConfigurationList = 3C95D3562BAC601C007AED1E /* Build configuration list for PBXNativeTarget "CCMenuIntegrationTests" */;
			buildPhases = (
				3C95D34A2BAC601C007AED1E /* Sources */,
				3C95D34B2BAC601C007AED1E /* Frameworks */,
				3C95D34C2BAC601C007AED1E /* Resources */,
			);
			buildRules = (
			);
			dependencies = (
				3C95D3532BAC601C007AED1E /* PBXTargetDependency */,
			);
			name = CCMenuIntegrationTests;
			packageProductDependencies = (
				3C95D3572BAC651A007AED1E /* Hummingbird */,
			);
			productName = CCMenuIntegrationTests;
			productReference = 3C95D34E2BAC601C007AED1E /* CCMenuIntegrationTests.xctest */;
			productType = "com.apple.product-type.bundle.unit-test";
		};
/* End PBXNativeTarget section */

/* Begin PBXProject section */
		03BD7E7D2598E578000F9495 /* Project object */ = {
			isa = PBXProject;
			attributes = {
				LastSwiftUpdateCheck = 1530;
				LastUpgradeCheck = 1520;
				TargetAttributes = {
					03BD7E842598E578000F9495 = {
						CreatedOnToolsVersion = 12.3;
					};
					03BD7E992598E57A000F9495 = {
						CreatedOnToolsVersion = 12.3;
						TestTargetID = 03BD7E842598E578000F9495;
					};
					03BD7EA42598E57A000F9495 = {
						CreatedOnToolsVersion = 12.3;
						TestTargetID = 03BD7E842598E578000F9495;
					};
					3C95D34D2BAC601C007AED1E = {
						CreatedOnToolsVersion = 15.3;
						TestTargetID = 03BD7E842598E578000F9495;
					};
				};
			};
			buildConfigurationList = 03BD7E802598E578000F9495 /* Build configuration list for PBXProject "CCMenu" */;
			compatibilityVersion = "Xcode 13.0";
			developmentRegion = en;
			hasScannedForEncodings = 0;
			knownRegions = (
				en,
				Base,
			);
			mainGroup = 03BD7E7C2598E578000F9495;
			packageReferences = (
				032205152B8EA60900205DC6 /* XCRemoteSwiftPackageReference "hummingbird" */,
				0322052C2B96769800205DC6 /* XCRemoteSwiftPackageReference "hummingbird-auth" */,
				032205372B9D29DB00205DC6 /* XCRemoteSwiftPackageReference "SettingsAccess" */,
			);
			productRefGroup = 03BD7E862598E578000F9495 /* Products */;
			projectDirPath = "";
			projectRoot = "";
			targets = (
				03BD7E842598E578000F9495 /* CCMenu */,
				03BD7E992598E57A000F9495 /* CCMenuTests */,
				3C95D34D2BAC601C007AED1E /* CCMenuIntegrationTests */,
				03BD7EA42598E57A000F9495 /* CCMenuUITests */,
			);
		};
/* End PBXProject section */

/* Begin PBXResourcesBuildPhase section */
		03BD7E832598E578000F9495 /* Resources */ = {
			isa = PBXResourcesBuildPhase;
			buildActionMask = 2147483647;
			files = (
				03BD7E902598E57A000F9495 /* Preview Assets.xcassets in Resources */,
				03BD7E8D2598E57A000F9495 /* Assets.xcassets in Resources */,
				0336DBAA29846EB800E5811C /* README.md in Resources */,
				03BD7EDB2598ED9B000F9495 /* Credits.rtf in Resources */,
			);
			runOnlyForDeploymentPostprocessing = 0;
		};
		03BD7E982598E57A000F9495 /* Resources */ = {
			isa = PBXResourcesBuildPhase;
			buildActionMask = 2147483647;
			files = (
			);
			runOnlyForDeploymentPostprocessing = 0;
		};
		03BD7EA32598E57A000F9495 /* Resources */ = {
			isa = PBXResourcesBuildPhase;
			buildActionMask = 2147483647;
			files = (
				032205212B913C4E00205DC6 /* GitHubWorkflowsResponse.json in Resources */,
				032205292B96677200205DC6 /* GitHubUserReposResponse.json in Resources */,
				0322052B2B96708200205DC6 /* GitHubPipelineLocalhost.json in Resources */,
				03A3EF932D3459D400407A6F /* GitHubUserResponse.json in Resources */,
				03A3EF942D3459D400407A6F /* GitHubUserOrgResponse.json in Resources */,
				03A3EF982D34650300407A6F /* GitHubReposByOrgResponse.json in Resources */,
				032205252B913D4000205DC6 /* GitHubReposByUserResponse.json in Resources */,
				038FF7162BB62E6D0017CD4C /* GitHubReposByUserCCM2OnlyResponse.json in Resources */,
				03825EA5259FFD1500DEB003 /* DefaultPipelines.json in Resources */,
				038FF7142BB6212D0017CD4C /* GitHubBranchesResponse.json in Resources */,
				032205322B9BDDC300205DC6 /* ThreePipelines.json in Resources */,
				032205232B913CC000205DC6 /* GitHubWorkflowRunsResponse.json in Resources */,
				0322051D2B8FF20300205DC6 /* EmptyPipelines.json in Resources */,
				032205272B91C18600205DC6 /* CCTrayPipeline.json in Resources */,
			);
			runOnlyForDeploymentPostprocessing = 0;
		};
		3C95D34C2BAC601C007AED1E /* Resources */ = {
			isa = PBXResourcesBuildPhase;
			buildActionMask = 2147483647;
			files = (
			);
			runOnlyForDeploymentPostprocessing = 0;
		};
/* End PBXResourcesBuildPhase section */

/* Begin PBXShellScriptBuildPhase section */
		03BD7ED02598E883000F9495 /* ShellScript */ = {
			isa = PBXShellScriptBuildPhase;
			alwaysOutOfDate = 1;
			buildActionMask = 2147483647;
			files = (
			);
			inputFileListPaths = (
			);
			inputPaths = (
			);
			outputFileListPaths = (
			);
			outputPaths = (
			);
			runOnlyForDeploymentPostprocessing = 0;
			shellPath = /bin/sh;
			shellScript = "SHA=`git rev-parse --short HEAD | tr '[a-z]' '[A-Z]'`\nsed -i \"\" \"s/#gitsha#/$SHA/\" \"${BUILT_PRODUCTS_DIR}\"/CCMenu.app/Contents/Info.plist\n";
		};
/* End PBXShellScriptBuildPhase section */

/* Begin PBXSourcesBuildPhase section */
		03BD7E812598E578000F9495 /* Sources */ = {
			isa = PBXSourcesBuildPhase;
			buildActionMask = 2147483647;
			files = (
				0329F8E125B0F6880043FAB1 /* CCMenuApp.swift in Sources */,
				037AB215297334EE00C33589 /* UserDefaultsExtension.swift in Sources */,
				03DD697E2B646E3800D7AD9D /* NSColorExtensions.swift in Sources */,
				03BD7EFA259A180C000F9495 /* NSImageExtension.swift in Sources */,
				03825DFA259D0ACF00DEB003 /* PipelineListView.swift in Sources */,
				038FF7182BB631CB0017CD4C /* URLComponentsExtension.swift in Sources */,
				03825DF2259D01C600DEB003 /* PipelineRow.swift in Sources */,
				0362EBED2B521BD50079DEFE /* NotificationFactory.swift in Sources */,
				03CC61D12BA783EE0008EE76 /* NetworkMonitor.swift in Sources */,
				03825DE3259CFF0A00DEB003 /* Pipeline.swift in Sources */,
				03F31D0225B8D5F0005299A8 /* AdvancedSettings.swift in Sources */,
				03DC9BDC2E2ABB9F0000E22E /* GitLabProjectList.swift in Sources */,
				03DC9BDD2E2ABB9F0000E22E /* GitLabSheetModel.swift in Sources */,
				03DC9BDE2E2ABB9F0000E22E /* GitLabBranchList.swift in Sources */,
				03DC9BDF2E2ABB9F0000E22E /* GitLabPipelineBuilder.swift in Sources */,
				03DC9BE02E2ABB9F0000E22E /* AddGitLabPipelineSheet.swift in Sources */,
				039B524629676D0700994910 /* Build.swift in Sources */,
				3C3ADA2B2BC0DAA500AEEEA1 /* PipelineDocument.swift in Sources */,
				03DA98E22B44CE1A0073F5BB /* GitHubAuthenticator.swift in Sources */,
				03412AE12B5DCD5100EFDFCB /* CCTrayAPI.swift in Sources */,
				03DA98E02B44BF620073F5BB /* GitHubPipelineBuilder.swift in Sources */,
				037AB2182979E30300C33589 /* MenuBarExtraMenu.swift in Sources */,
				03DA98DE2B44B7320073F5BB /* GitHubWorkflowList.swift in Sources */,
				031FC8CC2B7929B7005E7F26 /* Keychain.swift in Sources */,
				03F9B88E297C5D5B00FA866E /* CompactRelativeFormatStyle.swift in Sources */,
				03F9B896297D486C00FA866E /* Pipeline.Feed.swift in Sources */,
				03CC11F2265467C200130833 /* CCTrayResponseParser.swift in Sources */,
				03278EA32E1FEE2300995F34 /* GitLabFeedReader.swift in Sources */,
				03278EA42E1FEE2300995F34 /* GitLabResponseParser.swift in Sources */,
				03278EA52E1FEE2300995F34 /* GitLabAPI.swift in Sources */,
				0362EBF52B548C1D0079DEFE /* NotificationReceiver.swift in Sources */,
				03F6830B25C743F2005D56D9 /* PipelineListToolbar.swift in Sources */,
				03B263F82B51FF2100CA989A /* NotificationSender.swift in Sources */,
				03F31CFA25B8D52F005299A8 /* NotificationSettings.swift in Sources */,
				0331F39F29A8155000245956 /* MenuExtraViewModel.swift in Sources */,
				03F9B894297D38AA00FA866E /* Pipeline.Status.swift in Sources */,
				3C4DEDA22B49AB7A00B85A8C /* NSWorkspaceExtension.swift in Sources */,
				3CB911D52B7142A0009DF781 /* URLSessionExtension.swift in Sources */,
				03BD7E892598E579000F9495 /* AppDelegate.swift in Sources */,
				037AB21A297B1DCD00C33589 /* MenuBarExtraLabel.swift in Sources */,
				0336DBAE2984903B00E5811C /* AddGitHubPipelineSheet.swift in Sources */,
				03412ADF2B5DCC8A00EFDFCB /* CCTrayProjectList.swift in Sources */,
				03825DE8259D005B00DEB003 /* PipelineModel.swift in Sources */,
				03CC11EA2652F49100130833 /* ServerMonitor.swift in Sources */,
				03B263F22B50968800CA989A /* StatusChange.swift in Sources */,
				03F682FD25C73584005D56D9 /* EditPipelineSheet.swift in Sources */,
				03DF19072D025292007D1A64 /* ComboBox.swift in Sources */,
				3C9E0E532B9F143A00327CB9 /* NSApplicationExtension.swift in Sources */,
				035F86FE2BB37A6600AD1D68 /* CCTrayAuthView.swift in Sources */,
				03D4BB03265EE5840023F4CB /* GitHubFeedReader.swift in Sources */,
				035F87022BB3829300AD1D68 /* PipelineListMenu.swift in Sources */,
				03DA98DC2B4498BB0073F5BB /* GitHubRepositoryList.swift in Sources */,
				03F9B898297D4D8F00FA866E /* MenuItemViewModel.swift in Sources */,
				0386E93D2BD07C9F006F7988 /* DebouncedText.swift in Sources */,
				03D4BB05265EE6B50023F4CB /* GitHubResponseParser.swift in Sources */,
				03CC11F02652F70800130833 /* CCTrayFeedReader.swift in Sources */,
				035F87062BB4D53600AD1D68 /* SignInAtGitHubSheet.swift in Sources */,
				3CB911D72B78E891009DF781 /* URLRequestExtension.swift in Sources */,
				03CC61CF2BA757050008EE76 /* TrustManager.swift in Sources */,
				0336DBAC29848FE200E5811C /* AddCCTrayPipelineSheet.swift in Sources */,
				0329F89E25B0F0F10043FAB1 /* AppearanceSettings.swift in Sources */,
				03DD697C2B61A26900D7AD9D /* CCTrayPipelineBuilder.swift in Sources */,
				03B1D7612A607DD0007BCB8A /* PipelineRowViewModel.swift in Sources */,
				03E6A9F72B2651C200284138 /* GitHubAPI.swift in Sources */,
				038FF7122BB6130C0017CD4C /* GitHubBranchList.swift in Sources */,
				03F31CF525B8D29E005299A8 /* SettingsView.swift in Sources */,
				3CC483472BDE955C00E4730F /* PipelineSheetConfig.swift in Sources */,
				0320309B2B2D27AF00D132C0 /* GitHubSheetModel.swift in Sources */,
				03412AE32B5DCF4200EFDFCB /* CCTraySheetModel.swift in Sources */,
			);
			runOnlyForDeploymentPostprocessing = 0;
		};
		03BD7E962598E57A000F9495 /* Sources */ = {
			isa = PBXSourcesBuildPhase;
			buildActionMask = 2147483647;
			files = (
				037AB21C297B4D5F00C33589 /* PipelineModelTests.swift in Sources */,
				03DC9BBA2E240D170000E22E /* GitHubAPITests.swift in Sources */,
				2FA28FBCC0398D63EF2D2C16 /* NSImageExtensionTests.swift in Sources */,
				034ED9C32F2A595100C7793E /* GitLabAPITests.swift in Sources */,
				03B021252A5D9F9D00B889BE /* MenuExtraModelTests.swift in Sources */,
				2FA28718B9A6BD8E1C32FF55 /* CCTrayResponseParserTests.swift in Sources */,
				2FA2827139B00E15C5CD2E7F /* GitHubResponseParserTests.swift in Sources */,
				03B263F42B509E5300CA989A /* StatusChangeTests.swift in Sources */,
				03B1D75F2A6079CD007BCB8A /* MenuItemModelTests.swift in Sources */,
				3CB911D92B78EB3F009DF781 /* URLRequestExtensionTests.swift in Sources */,
				03F9B89A297D930A00FA866E /* CCTrayFeedReaderTests.swift in Sources */,
				0362EBEF2B5313120079DEFE /* NotificationFactoryTests.swift in Sources */,
				03B1D7632A6085F1007BCB8A /* PipelineRowModelTests.swift in Sources */,
				03F9B890297C6EEC00FA866E /* CompactRelativeFormatStyleTests.swift in Sources */,
			);
			runOnlyForDeploymentPostprocessing = 0;
		};
		03BD7EA12598E57A000F9495 /* Sources */ = {
			isa = PBXSourcesBuildPhase;
			buildActionMask = 2147483647;
			files = (
				032205432B9E615800205DC6 /* GitHubTests.swift in Sources */,
				032205412B9E606600205DC6 /* CCTrayTests.swift in Sources */,
				0322053F2B9E601D00205DC6 /* PipelineWindowTests.swift in Sources */,
				0322053D2B9E5F9A00205DC6 /* MenuTests.swift in Sources */,
				0322053B2B9E5DBB00205DC6 /* TestHelper.swift in Sources */,
			);
			runOnlyForDeploymentPostprocessing = 0;
		};
		3C95D34A2BAC601C007AED1E /* Sources */ = {
			isa = PBXSourcesBuildPhase;
			buildActionMask = 2147483647;
			files = (
				3C95D3512BAC601C007AED1E /* ServerMonitorIntegrationTests.swift in Sources */,
			);
			runOnlyForDeploymentPostprocessing = 0;
		};
/* End PBXSourcesBuildPhase section */

/* Begin PBXTargetDependency section */
		03BD7E9C2598E57A000F9495 /* PBXTargetDependency */ = {
			isa = PBXTargetDependency;
			target = 03BD7E842598E578000F9495 /* CCMenu */;
			targetProxy = 03BD7E9B2598E57A000F9495 /* PBXContainerItemProxy */;
		};
		03BD7EA72598E57A000F9495 /* PBXTargetDependency */ = {
			isa = PBXTargetDependency;
			target = 03BD7E842598E578000F9495 /* CCMenu */;
			targetProxy = 03BD7EA62598E57A000F9495 /* PBXContainerItemProxy */;
		};
		3C95D3532BAC601C007AED1E /* PBXTargetDependency */ = {
			isa = PBXTargetDependency;
			target = 03BD7E842598E578000F9495 /* CCMenu */;
			targetProxy = 3C95D3522BAC601C007AED1E /* PBXContainerItemProxy */;
		};
/* End PBXTargetDependency section */

/* Begin XCBuildConfiguration section */
		03BD7EAC2598E57A000F9495 /* Debug */ = {
			isa = XCBuildConfiguration;
			buildSettings = {
				ALWAYS_SEARCH_USER_PATHS = NO;
				CLANG_ANALYZER_NONNULL = YES;
				CLANG_ANALYZER_NUMBER_OBJECT_CONVERSION = YES_AGGRESSIVE;
				CLANG_CXX_LANGUAGE_STANDARD = "gnu++14";
				CLANG_CXX_LIBRARY = "libc++";
				CLANG_ENABLE_MODULES = YES;
				CLANG_ENABLE_OBJC_ARC = YES;
				CLANG_ENABLE_OBJC_WEAK = YES;
				CLANG_WARN_BLOCK_CAPTURE_AUTORELEASING = YES;
				CLANG_WARN_BOOL_CONVERSION = YES;
				CLANG_WARN_COMMA = YES;
				CLANG_WARN_CONSTANT_CONVERSION = YES;
				CLANG_WARN_DEPRECATED_OBJC_IMPLEMENTATIONS = YES;
				CLANG_WARN_DIRECT_OBJC_ISA_USAGE = YES_ERROR;
				CLANG_WARN_DOCUMENTATION_COMMENTS = YES;
				CLANG_WARN_EMPTY_BODY = YES;
				CLANG_WARN_ENUM_CONVERSION = YES;
				CLANG_WARN_INFINITE_RECURSION = YES;
				CLANG_WARN_INT_CONVERSION = YES;
				CLANG_WARN_NON_LITERAL_NULL_CONVERSION = YES;
				CLANG_WARN_OBJC_IMPLICIT_RETAIN_SELF = YES;
				CLANG_WARN_OBJC_LITERAL_CONVERSION = YES;
				CLANG_WARN_OBJC_ROOT_CLASS = YES_ERROR;
				CLANG_WARN_QUOTED_INCLUDE_IN_FRAMEWORK_HEADER = YES;
				CLANG_WARN_RANGE_LOOP_ANALYSIS = YES;
				CLANG_WARN_STRICT_PROTOTYPES = YES;
				CLANG_WARN_SUSPICIOUS_MOVE = YES;
				CLANG_WARN_UNGUARDED_AVAILABILITY = YES_AGGRESSIVE;
				CLANG_WARN_UNREACHABLE_CODE = YES;
				CLANG_WARN__DUPLICATE_METHOD_MATCH = YES;
				COPY_PHASE_STRIP = NO;
				DEAD_CODE_STRIPPING = YES;
				DEBUG_INFORMATION_FORMAT = dwarf;
				ENABLE_STRICT_OBJC_MSGSEND = YES;
				ENABLE_TESTABILITY = YES;
				GCC_C_LANGUAGE_STANDARD = gnu11;
				GCC_DYNAMIC_NO_PIC = NO;
				GCC_NO_COMMON_BLOCKS = YES;
				GCC_OPTIMIZATION_LEVEL = 0;
				GCC_PREPROCESSOR_DEFINITIONS = (
					"DEBUG=1",
					"$(inherited)",
				);
				GCC_WARN_64_TO_32_BIT_CONVERSION = YES;
				GCC_WARN_ABOUT_RETURN_TYPE = YES_ERROR;
				GCC_WARN_UNDECLARED_SELECTOR = YES;
				GCC_WARN_UNINITIALIZED_AUTOS = YES_AGGRESSIVE;
				GCC_WARN_UNUSED_FUNCTION = YES;
				GCC_WARN_UNUSED_VARIABLE = YES;
				MACOSX_DEPLOYMENT_TARGET = 13.0;
				MTL_ENABLE_DEBUG_INFO = INCLUDE_SOURCE;
				MTL_FAST_MATH = YES;
				ONLY_ACTIVE_ARCH = YES;
				SDKROOT = macosx;
				SWIFT_ACTIVE_COMPILATION_CONDITIONS = DEBUG;
				SWIFT_OPTIMIZATION_LEVEL = "-Onone";
				UNIT_TEST_BUILD = true;
			};
			name = Debug;
		};
		03BD7EAD2598E57A000F9495 /* Release */ = {
			isa = XCBuildConfiguration;
			buildSettings = {
				ALWAYS_SEARCH_USER_PATHS = NO;
				CLANG_ANALYZER_NONNULL = YES;
				CLANG_ANALYZER_NUMBER_OBJECT_CONVERSION = YES_AGGRESSIVE;
				CLANG_CXX_LANGUAGE_STANDARD = "gnu++14";
				CLANG_CXX_LIBRARY = "libc++";
				CLANG_ENABLE_MODULES = YES;
				CLANG_ENABLE_OBJC_ARC = YES;
				CLANG_ENABLE_OBJC_WEAK = YES;
				CLANG_WARN_BLOCK_CAPTURE_AUTORELEASING = YES;
				CLANG_WARN_BOOL_CONVERSION = YES;
				CLANG_WARN_COMMA = YES;
				CLANG_WARN_CONSTANT_CONVERSION = YES;
				CLANG_WARN_DEPRECATED_OBJC_IMPLEMENTATIONS = YES;
				CLANG_WARN_DIRECT_OBJC_ISA_USAGE = YES_ERROR;
				CLANG_WARN_DOCUMENTATION_COMMENTS = YES;
				CLANG_WARN_EMPTY_BODY = YES;
				CLANG_WARN_ENUM_CONVERSION = YES;
				CLANG_WARN_INFINITE_RECURSION = YES;
				CLANG_WARN_INT_CONVERSION = YES;
				CLANG_WARN_NON_LITERAL_NULL_CONVERSION = YES;
				CLANG_WARN_OBJC_IMPLICIT_RETAIN_SELF = YES;
				CLANG_WARN_OBJC_LITERAL_CONVERSION = YES;
				CLANG_WARN_OBJC_ROOT_CLASS = YES_ERROR;
				CLANG_WARN_QUOTED_INCLUDE_IN_FRAMEWORK_HEADER = YES;
				CLANG_WARN_RANGE_LOOP_ANALYSIS = YES;
				CLANG_WARN_STRICT_PROTOTYPES = YES;
				CLANG_WARN_SUSPICIOUS_MOVE = YES;
				CLANG_WARN_UNGUARDED_AVAILABILITY = YES_AGGRESSIVE;
				CLANG_WARN_UNREACHABLE_CODE = YES;
				CLANG_WARN__DUPLICATE_METHOD_MATCH = YES;
				COPY_PHASE_STRIP = NO;
				DEAD_CODE_STRIPPING = YES;
				DEBUG_INFORMATION_FORMAT = "dwarf-with-dsym";
				ENABLE_NS_ASSERTIONS = NO;
				ENABLE_STRICT_OBJC_MSGSEND = YES;
				GCC_C_LANGUAGE_STANDARD = gnu11;
				GCC_NO_COMMON_BLOCKS = YES;
				GCC_WARN_64_TO_32_BIT_CONVERSION = YES;
				GCC_WARN_ABOUT_RETURN_TYPE = YES_ERROR;
				GCC_WARN_UNDECLARED_SELECTOR = YES;
				GCC_WARN_UNINITIALIZED_AUTOS = YES_AGGRESSIVE;
				GCC_WARN_UNUSED_FUNCTION = YES;
				GCC_WARN_UNUSED_VARIABLE = YES;
				MACOSX_DEPLOYMENT_TARGET = 13.0;
				MTL_ENABLE_DEBUG_INFO = NO;
				MTL_FAST_MATH = YES;
				SDKROOT = macosx;
				SWIFT_COMPILATION_MODE = wholemodule;
				SWIFT_OPTIMIZATION_LEVEL = "-O";
				UNIT_TEST_BUILD = true;
			};
			name = Release;
		};
		03BD7EAF2598E57A000F9495 /* Debug */ = {
			isa = XCBuildConfiguration;
			buildSettings = {
				ASSETCATALOG_COMPILER_APPICON_NAME = AppIcon;
				ASSETCATALOG_COMPILER_GLOBAL_ACCENT_COLOR_NAME = AccentColor;
				CODE_SIGN_ENTITLEMENTS = CCMenu/Resources/CCMenu.entitlements;
				CODE_SIGN_IDENTITY = "Apple Development";
				"CODE_SIGN_IDENTITY[sdk=macosx*]" = "-";
				CODE_SIGN_STYLE = Manual;
				COMBINE_HIDPI_IMAGES = YES;
				DEAD_CODE_STRIPPING = YES;
				DEVELOPMENT_ASSET_PATHS = "\"CCMenu/Preview Content\"";
				DEVELOPMENT_TEAM = "";
				"DEVELOPMENT_TEAM[sdk=macosx*]" = "";
				ENABLE_HARDENED_RUNTIME = YES;
				ENABLE_PREVIEWS = YES;
				INFOPLIST_FILE = CCMenu/Resources/Info.plist;
				LD_RUNPATH_SEARCH_PATHS = (
					"$(inherited)",
					"@executable_path/../Frameworks",
				);
				PRODUCT_BUNDLE_IDENTIFIER = net.sourceforge.cruisecontrol.CCMenu;
				PRODUCT_NAME = "$(TARGET_NAME)";
				PROVISIONING_PROFILE_SPECIFIER = "";
				"PROVISIONING_PROFILE_SPECIFIER[sdk=macosx*]" = "";
				SWIFT_VERSION = 5.0;
			};
			name = Debug;
		};
		03BD7EB02598E57A000F9495 /* Release */ = {
			isa = XCBuildConfiguration;
			buildSettings = {
				ASSETCATALOG_COMPILER_APPICON_NAME = AppIcon;
				ASSETCATALOG_COMPILER_GLOBAL_ACCENT_COLOR_NAME = AccentColor;
				CODE_SIGN_ENTITLEMENTS = CCMenu/Resources/CCMenu.entitlements;
				CODE_SIGN_IDENTITY = "Apple Development";
				"CODE_SIGN_IDENTITY[sdk=macosx*]" = "-";
				CODE_SIGN_STYLE = Manual;
				COMBINE_HIDPI_IMAGES = YES;
				DEAD_CODE_STRIPPING = YES;
				DEVELOPMENT_ASSET_PATHS = "\"CCMenu/Preview Content\"";
				DEVELOPMENT_TEAM = "";
				"DEVELOPMENT_TEAM[sdk=macosx*]" = "";
				ENABLE_HARDENED_RUNTIME = YES;
				ENABLE_PREVIEWS = YES;
				INFOPLIST_FILE = CCMenu/Resources/Info.plist;
				LD_RUNPATH_SEARCH_PATHS = (
					"$(inherited)",
					"@executable_path/../Frameworks",
				);
				PRODUCT_BUNDLE_IDENTIFIER = net.sourceforge.cruisecontrol.CCMenu;
				PRODUCT_NAME = "$(TARGET_NAME)";
				PROVISIONING_PROFILE_SPECIFIER = "";
				"PROVISIONING_PROFILE_SPECIFIER[sdk=macosx*]" = "";
				SWIFT_VERSION = 5.0;
			};
			name = Release;
		};
		03BD7EB22598E57A000F9495 /* Debug */ = {
			isa = XCBuildConfiguration;
			buildSettings = {
				ALWAYS_EMBED_SWIFT_STANDARD_LIBRARIES = YES;
				BUNDLE_LOADER = "$(TEST_HOST)";
				CODE_SIGN_IDENTITY = "Apple Development";
				"CODE_SIGN_IDENTITY[sdk=macosx*]" = "-";
				CODE_SIGN_STYLE = Automatic;
				COMBINE_HIDPI_IMAGES = YES;
				DEAD_CODE_STRIPPING = YES;
				DEVELOPMENT_TEAM = "";
				GENERATE_INFOPLIST_FILE = YES;
				INFOPLIST_FILE = "";
				LD_RUNPATH_SEARCH_PATHS = (
					"$(inherited)",
					"@executable_path/../Frameworks",
					"@loader_path/../Frameworks",
				);
				PRODUCT_BUNDLE_IDENTIFIER = org.ccmenu.CCMenuTests;
				PRODUCT_NAME = "$(TARGET_NAME)";
				PROVISIONING_PROFILE_SPECIFIER = "";
				SWIFT_VERSION = 5.0;
				TEST_HOST = "$(BUILT_PRODUCTS_DIR)/CCMenu.app/Contents/MacOS/CCMenu";
			};
			name = Debug;
		};
		03BD7EB32598E57A000F9495 /* Release */ = {
			isa = XCBuildConfiguration;
			buildSettings = {
				ALWAYS_EMBED_SWIFT_STANDARD_LIBRARIES = YES;
				BUNDLE_LOADER = "$(TEST_HOST)";
				CODE_SIGN_IDENTITY = "Apple Development";
				"CODE_SIGN_IDENTITY[sdk=macosx*]" = "-";
				CODE_SIGN_STYLE = Automatic;
				COMBINE_HIDPI_IMAGES = YES;
				DEAD_CODE_STRIPPING = YES;
				DEVELOPMENT_TEAM = "";
				GENERATE_INFOPLIST_FILE = YES;
				INFOPLIST_FILE = "";
				LD_RUNPATH_SEARCH_PATHS = (
					"$(inherited)",
					"@executable_path/../Frameworks",
					"@loader_path/../Frameworks",
				);
				PRODUCT_BUNDLE_IDENTIFIER = org.ccmenu.CCMenuTests;
				PRODUCT_NAME = "$(TARGET_NAME)";
				PROVISIONING_PROFILE_SPECIFIER = "";
				SWIFT_VERSION = 5.0;
				TEST_HOST = "$(BUILT_PRODUCTS_DIR)/CCMenu.app/Contents/MacOS/CCMenu";
			};
			name = Release;
		};
		03BD7EB52598E57A000F9495 /* Debug */ = {
			isa = XCBuildConfiguration;
			buildSettings = {
				ALWAYS_EMBED_SWIFT_STANDARD_LIBRARIES = YES;
				CODE_SIGN_ENTITLEMENTS = CCMenuUITests/CCMenuUITests.entitlements;
				CODE_SIGN_IDENTITY = "Apple Development";
				"CODE_SIGN_IDENTITY[sdk=macosx*]" = "-";
				CODE_SIGN_STYLE = Automatic;
				COMBINE_HIDPI_IMAGES = YES;
				DEAD_CODE_STRIPPING = YES;
				DEVELOPMENT_TEAM = "";
				GENERATE_INFOPLIST_FILE = YES;
				LD_RUNPATH_SEARCH_PATHS = (
					"$(inherited)",
					"@executable_path/../Frameworks",
					"@loader_path/../Frameworks",
				);
				PRODUCT_BUNDLE_IDENTIFIER = org.ccmenu.CCMenuUITests;
				PRODUCT_NAME = "$(TARGET_NAME)";
				PROVISIONING_PROFILE_SPECIFIER = "";
				SWIFT_VERSION = 5.0;
				TEST_TARGET_NAME = CCMenu;
			};
			name = Debug;
		};
		03BD7EB62598E57A000F9495 /* Release */ = {
			isa = XCBuildConfiguration;
			buildSettings = {
				ALWAYS_EMBED_SWIFT_STANDARD_LIBRARIES = YES;
				CODE_SIGN_ENTITLEMENTS = CCMenuUITests/CCMenuUITests.entitlements;
				CODE_SIGN_IDENTITY = "Apple Development";
				"CODE_SIGN_IDENTITY[sdk=macosx*]" = "-";
				CODE_SIGN_STYLE = Automatic;
				COMBINE_HIDPI_IMAGES = YES;
				DEAD_CODE_STRIPPING = YES;
				DEVELOPMENT_TEAM = "";
				GENERATE_INFOPLIST_FILE = YES;
				LD_RUNPATH_SEARCH_PATHS = (
					"$(inherited)",
					"@executable_path/../Frameworks",
					"@loader_path/../Frameworks",
				);
				PRODUCT_BUNDLE_IDENTIFIER = org.ccmenu.CCMenuUITests;
				PRODUCT_NAME = "$(TARGET_NAME)";
				PROVISIONING_PROFILE_SPECIFIER = "";
				SWIFT_VERSION = 5.0;
				TEST_TARGET_NAME = CCMenu;
			};
			name = Release;
		};
		3C95D3542BAC601C007AED1E /* Debug */ = {
			isa = XCBuildConfiguration;
			buildSettings = {
				ASSETCATALOG_COMPILER_GENERATE_SWIFT_ASSET_SYMBOL_EXTENSIONS = YES;
				BUNDLE_LOADER = "$(TEST_HOST)";
				CLANG_CXX_LANGUAGE_STANDARD = "gnu++20";
				CODE_SIGN_IDENTITY = "Apple Development";
				"CODE_SIGN_IDENTITY[sdk=macosx*]" = "-";
				CODE_SIGN_STYLE = Automatic;
				CURRENT_PROJECT_VERSION = 1;
				DEAD_CODE_STRIPPING = YES;
				DEVELOPMENT_TEAM = "";
				ENABLE_USER_SCRIPT_SANDBOXING = YES;
				GCC_C_LANGUAGE_STANDARD = gnu17;
				GENERATE_INFOPLIST_FILE = YES;
				LD_RUNPATH_SEARCH_PATHS = (
					"$(inherited)",
					"@executable_path/../Frameworks",
					"@loader_path/../Frameworks",
				);
				LOCALIZATION_PREFERS_STRING_CATALOGS = YES;
				MARKETING_VERSION = 1.0;
				PRODUCT_BUNDLE_IDENTIFIER = org.ccmenu.CCMenuIntegrationTests;
				PRODUCT_NAME = "$(TARGET_NAME)";
				PROVISIONING_PROFILE_SPECIFIER = "";
				SWIFT_ACTIVE_COMPILATION_CONDITIONS = "DEBUG $(inherited)";
				SWIFT_EMIT_LOC_STRINGS = NO;
				SWIFT_VERSION = 5.0;
				TEST_HOST = "$(BUILT_PRODUCTS_DIR)/CCMenu.app/$(BUNDLE_EXECUTABLE_FOLDER_PATH)/CCMenu";
			};
			name = Debug;
		};
		3C95D3552BAC601C007AED1E /* Release */ = {
			isa = XCBuildConfiguration;
			buildSettings = {
				ASSETCATALOG_COMPILER_GENERATE_SWIFT_ASSET_SYMBOL_EXTENSIONS = YES;
				BUNDLE_LOADER = "$(TEST_HOST)";
				CLANG_CXX_LANGUAGE_STANDARD = "gnu++20";
				CODE_SIGN_IDENTITY = "Apple Development";
				"CODE_SIGN_IDENTITY[sdk=macosx*]" = "-";
				CODE_SIGN_STYLE = Automatic;
				CURRENT_PROJECT_VERSION = 1;
				DEAD_CODE_STRIPPING = YES;
				DEVELOPMENT_TEAM = "";
				ENABLE_USER_SCRIPT_SANDBOXING = YES;
				GCC_C_LANGUAGE_STANDARD = gnu17;
				GENERATE_INFOPLIST_FILE = YES;
				LD_RUNPATH_SEARCH_PATHS = (
					"$(inherited)",
					"@executable_path/../Frameworks",
					"@loader_path/../Frameworks",
				);
				LOCALIZATION_PREFERS_STRING_CATALOGS = YES;
				MARKETING_VERSION = 1.0;
				PRODUCT_BUNDLE_IDENTIFIER = org.ccmenu.CCMenuIntegrationTests;
				PRODUCT_NAME = "$(TARGET_NAME)";
				PROVISIONING_PROFILE_SPECIFIER = "";
				SWIFT_EMIT_LOC_STRINGS = NO;
				SWIFT_VERSION = 5.0;
				TEST_HOST = "$(BUILT_PRODUCTS_DIR)/CCMenu.app/$(BUNDLE_EXECUTABLE_FOLDER_PATH)/CCMenu";
			};
			name = Release;
		};
		3C95D35C2BAC6DE3007AED1E /* Testing */ = {
			isa = XCBuildConfiguration;
			buildSettings = {
				ALWAYS_SEARCH_USER_PATHS = NO;
				CLANG_ANALYZER_NONNULL = YES;
				CLANG_ANALYZER_NUMBER_OBJECT_CONVERSION = YES_AGGRESSIVE;
				CLANG_CXX_LANGUAGE_STANDARD = "gnu++14";
				CLANG_CXX_LIBRARY = "libc++";
				CLANG_ENABLE_MODULES = YES;
				CLANG_ENABLE_OBJC_ARC = YES;
				CLANG_ENABLE_OBJC_WEAK = YES;
				CLANG_WARN_BLOCK_CAPTURE_AUTORELEASING = YES;
				CLANG_WARN_BOOL_CONVERSION = YES;
				CLANG_WARN_COMMA = YES;
				CLANG_WARN_CONSTANT_CONVERSION = YES;
				CLANG_WARN_DEPRECATED_OBJC_IMPLEMENTATIONS = YES;
				CLANG_WARN_DIRECT_OBJC_ISA_USAGE = YES_ERROR;
				CLANG_WARN_DOCUMENTATION_COMMENTS = YES;
				CLANG_WARN_EMPTY_BODY = YES;
				CLANG_WARN_ENUM_CONVERSION = YES;
				CLANG_WARN_INFINITE_RECURSION = YES;
				CLANG_WARN_INT_CONVERSION = YES;
				CLANG_WARN_NON_LITERAL_NULL_CONVERSION = YES;
				CLANG_WARN_OBJC_IMPLICIT_RETAIN_SELF = YES;
				CLANG_WARN_OBJC_LITERAL_CONVERSION = YES;
				CLANG_WARN_OBJC_ROOT_CLASS = YES_ERROR;
				CLANG_WARN_QUOTED_INCLUDE_IN_FRAMEWORK_HEADER = YES;
				CLANG_WARN_RANGE_LOOP_ANALYSIS = YES;
				CLANG_WARN_STRICT_PROTOTYPES = YES;
				CLANG_WARN_SUSPICIOUS_MOVE = YES;
				CLANG_WARN_UNGUARDED_AVAILABILITY = YES_AGGRESSIVE;
				CLANG_WARN_UNREACHABLE_CODE = YES;
				CLANG_WARN__DUPLICATE_METHOD_MATCH = YES;
				COPY_PHASE_STRIP = NO;
				DEAD_CODE_STRIPPING = YES;
				DEBUG_INFORMATION_FORMAT = dwarf;
				ENABLE_STRICT_OBJC_MSGSEND = YES;
				ENABLE_TESTABILITY = YES;
				GCC_C_LANGUAGE_STANDARD = gnu11;
				GCC_DYNAMIC_NO_PIC = NO;
				GCC_NO_COMMON_BLOCKS = YES;
				GCC_OPTIMIZATION_LEVEL = 0;
				GCC_PREPROCESSOR_DEFINITIONS = (
					"DEBUG=1",
					"$(inherited)",
				);
				GCC_WARN_64_TO_32_BIT_CONVERSION = YES;
				GCC_WARN_ABOUT_RETURN_TYPE = YES_ERROR;
				GCC_WARN_UNDECLARED_SELECTOR = YES;
				GCC_WARN_UNINITIALIZED_AUTOS = YES_AGGRESSIVE;
				GCC_WARN_UNUSED_FUNCTION = YES;
				GCC_WARN_UNUSED_VARIABLE = YES;
				MACOSX_DEPLOYMENT_TARGET = 13.0;
				MTL_ENABLE_DEBUG_INFO = INCLUDE_SOURCE;
				MTL_FAST_MATH = YES;
				ONLY_ACTIVE_ARCH = YES;
				SDKROOT = macosx;
				SWIFT_ACTIVE_COMPILATION_CONDITIONS = DEBUG;
				SWIFT_OPTIMIZATION_LEVEL = "-Onone";
				UNIT_TEST_BUILD = true;
			};
			name = Testing;
		};
		3C95D35D2BAC6DE3007AED1E /* Testing */ = {
			isa = XCBuildConfiguration;
			buildSettings = {
				ASSETCATALOG_COMPILER_APPICON_NAME = AppIcon;
				ASSETCATALOG_COMPILER_GLOBAL_ACCENT_COLOR_NAME = AccentColor;
				CODE_SIGN_ENTITLEMENTS = CCMenu/Resources/CCMenuTesting.entitlements;
				CODE_SIGN_IDENTITY = "Apple Development";
				"CODE_SIGN_IDENTITY[sdk=macosx*]" = "-";
				CODE_SIGN_STYLE = Manual;
				COMBINE_HIDPI_IMAGES = YES;
				DEAD_CODE_STRIPPING = YES;
				DEVELOPMENT_ASSET_PATHS = "\"CCMenu/Preview Content\"";
				DEVELOPMENT_TEAM = "";
				"DEVELOPMENT_TEAM[sdk=macosx*]" = "";
				ENABLE_HARDENED_RUNTIME = YES;
				ENABLE_PREVIEWS = YES;
				INFOPLIST_FILE = CCMenu/Resources/Info.plist;
				LD_RUNPATH_SEARCH_PATHS = (
					"$(inherited)",
					"@executable_path/../Frameworks",
				);
				PRODUCT_BUNDLE_IDENTIFIER = net.sourceforge.cruisecontrol.CCMenu;
				PRODUCT_NAME = "$(TARGET_NAME)";
				PROVISIONING_PROFILE_SPECIFIER = "";
				"PROVISIONING_PROFILE_SPECIFIER[sdk=macosx*]" = "";
				SWIFT_VERSION = 5.0;
			};
			name = Testing;
		};
		3C95D35E2BAC6DE3007AED1E /* Testing */ = {
			isa = XCBuildConfiguration;
			buildSettings = {
				ALWAYS_EMBED_SWIFT_STANDARD_LIBRARIES = YES;
				BUNDLE_LOADER = "$(TEST_HOST)";
				CODE_SIGN_IDENTITY = "Apple Development";
				"CODE_SIGN_IDENTITY[sdk=macosx*]" = "-";
				CODE_SIGN_STYLE = Automatic;
				COMBINE_HIDPI_IMAGES = YES;
				DEAD_CODE_STRIPPING = YES;
				DEVELOPMENT_TEAM = "";
				GENERATE_INFOPLIST_FILE = YES;
				INFOPLIST_FILE = "";
				LD_RUNPATH_SEARCH_PATHS = (
					"$(inherited)",
					"@executable_path/../Frameworks",
					"@loader_path/../Frameworks",
				);
				PRODUCT_BUNDLE_IDENTIFIER = org.ccmenu.CCMenuTests;
				PRODUCT_NAME = "$(TARGET_NAME)";
				PROVISIONING_PROFILE_SPECIFIER = "";
				SWIFT_VERSION = 5.0;
				TEST_HOST = "$(BUILT_PRODUCTS_DIR)/CCMenu.app/Contents/MacOS/CCMenu";
			};
			name = Testing;
		};
		3C95D35F2BAC6DE3007AED1E /* Testing */ = {
			isa = XCBuildConfiguration;
			buildSettings = {
				ASSETCATALOG_COMPILER_GENERATE_SWIFT_ASSET_SYMBOL_EXTENSIONS = YES;
				BUNDLE_LOADER = "$(TEST_HOST)";
				CLANG_CXX_LANGUAGE_STANDARD = "gnu++20";
				CODE_SIGN_IDENTITY = "Apple Development";
				"CODE_SIGN_IDENTITY[sdk=macosx*]" = "-";
				CODE_SIGN_STYLE = Automatic;
				CURRENT_PROJECT_VERSION = 1;
				DEAD_CODE_STRIPPING = YES;
				DEVELOPMENT_TEAM = "";
				ENABLE_USER_SCRIPT_SANDBOXING = YES;
				GCC_C_LANGUAGE_STANDARD = gnu17;
				GENERATE_INFOPLIST_FILE = YES;
				LD_RUNPATH_SEARCH_PATHS = (
					"$(inherited)",
					"@executable_path/../Frameworks",
					"@loader_path/../Frameworks",
				);
				LOCALIZATION_PREFERS_STRING_CATALOGS = YES;
				MARKETING_VERSION = 1.0;
				PRODUCT_BUNDLE_IDENTIFIER = org.ccmenu.CCMenuIntegrationTests;
				PRODUCT_NAME = "$(TARGET_NAME)";
				PROVISIONING_PROFILE_SPECIFIER = "";
				SWIFT_ACTIVE_COMPILATION_CONDITIONS = "DEBUG $(inherited)";
				SWIFT_EMIT_LOC_STRINGS = NO;
				SWIFT_VERSION = 5.0;
				TEST_HOST = "$(BUILT_PRODUCTS_DIR)/CCMenu.app/$(BUNDLE_EXECUTABLE_FOLDER_PATH)/CCMenu";
			};
			name = Testing;
		};
		3C95D3602BAC6DE3007AED1E /* Testing */ = {
			isa = XCBuildConfiguration;
			buildSettings = {
				ALWAYS_EMBED_SWIFT_STANDARD_LIBRARIES = YES;
				CODE_SIGN_ENTITLEMENTS = CCMenuUITests/CCMenuUITests.entitlements;
				CODE_SIGN_IDENTITY = "Apple Development";
				"CODE_SIGN_IDENTITY[sdk=macosx*]" = "-";
				CODE_SIGN_STYLE = Automatic;
				COMBINE_HIDPI_IMAGES = YES;
				DEAD_CODE_STRIPPING = YES;
				DEVELOPMENT_TEAM = "";
				GENERATE_INFOPLIST_FILE = YES;
				LD_RUNPATH_SEARCH_PATHS = (
					"$(inherited)",
					"@executable_path/../Frameworks",
					"@loader_path/../Frameworks",
				);
				PRODUCT_BUNDLE_IDENTIFIER = org.ccmenu.CCMenuUITests;
				PRODUCT_NAME = "$(TARGET_NAME)";
				PROVISIONING_PROFILE_SPECIFIER = "";
				SWIFT_VERSION = 5.0;
				TEST_TARGET_NAME = CCMenu;
			};
			name = Testing;
		};
/* End XCBuildConfiguration section */

/* Begin XCConfigurationList section */
		03BD7E802598E578000F9495 /* Build configuration list for PBXProject "CCMenu" */ = {
			isa = XCConfigurationList;
			buildConfigurations = (
				03BD7EAC2598E57A000F9495 /* Debug */,
				3C95D35C2BAC6DE3007AED1E /* Testing */,
				03BD7EAD2598E57A000F9495 /* Release */,
			);
			defaultConfigurationIsVisible = 0;
			defaultConfigurationName = Release;
		};
		03BD7EAE2598E57A000F9495 /* Build configuration list for PBXNativeTarget "CCMenu" */ = {
			isa = XCConfigurationList;
			buildConfigurations = (
				03BD7EAF2598E57A000F9495 /* Debug */,
				3C95D35D2BAC6DE3007AED1E /* Testing */,
				03BD7EB02598E57A000F9495 /* Release */,
			);
			defaultConfigurationIsVisible = 0;
			defaultConfigurationName = Release;
		};
		03BD7EB12598E57A000F9495 /* Build configuration list for PBXNativeTarget "CCMenuTests" */ = {
			isa = XCConfigurationList;
			buildConfigurations = (
				03BD7EB22598E57A000F9495 /* Debug */,
				3C95D35E2BAC6DE3007AED1E /* Testing */,
				03BD7EB32598E57A000F9495 /* Release */,
			);
			defaultConfigurationIsVisible = 0;
			defaultConfigurationName = Release;
		};
		03BD7EB42598E57A000F9495 /* Build configuration list for PBXNativeTarget "CCMenuUITests" */ = {
			isa = XCConfigurationList;
			buildConfigurations = (
				03BD7EB52598E57A000F9495 /* Debug */,
				3C95D3602BAC6DE3007AED1E /* Testing */,
				03BD7EB62598E57A000F9495 /* Release */,
			);
			defaultConfigurationIsVisible = 0;
			defaultConfigurationName = Release;
		};
		3C95D3562BAC601C007AED1E /* Build configuration list for PBXNativeTarget "CCMenuIntegrationTests" */ = {
			isa = XCConfigurationList;
			buildConfigurations = (
				3C95D3542BAC601C007AED1E /* Debug */,
				3C95D35F2BAC6DE3007AED1E /* Testing */,
				3C95D3552BAC601C007AED1E /* Release */,
			);
			defaultConfigurationIsVisible = 0;
			defaultConfigurationName = Release;
		};
/* End XCConfigurationList section */

/* Begin XCRemoteSwiftPackageReference section */
		032205152B8EA60900205DC6 /* XCRemoteSwiftPackageReference "hummingbird" */ = {
			isa = XCRemoteSwiftPackageReference;
			repositoryURL = "https://github.com/hummingbird-project/hummingbird";
			requirement = {
				kind = upToNextMajorVersion;
				minimumVersion = 1.12.0;
			};
		};
		0322052C2B96769800205DC6 /* XCRemoteSwiftPackageReference "hummingbird-auth" */ = {
			isa = XCRemoteSwiftPackageReference;
			repositoryURL = "https://github.com/hummingbird-project/hummingbird-auth";
			requirement = {
				kind = upToNextMajorVersion;
				minimumVersion = 1.3.0;
			};
		};
		032205372B9D29DB00205DC6 /* XCRemoteSwiftPackageReference "SettingsAccess" */ = {
			isa = XCRemoteSwiftPackageReference;
			repositoryURL = "https://github.com/orchetect/SettingsAccess";
			requirement = {
				kind = upToNextMajorVersion;
				minimumVersion = 1.4.0;
			};
		};
/* End XCRemoteSwiftPackageReference section */

/* Begin XCSwiftPackageProductDependency section */
		032205192B8EA73100205DC6 /* Hummingbird */ = {
			isa = XCSwiftPackageProductDependency;
			package = 032205152B8EA60900205DC6 /* XCRemoteSwiftPackageReference "hummingbird" */;
			productName = Hummingbird;
		};
		0322052D2B96769800205DC6 /* HummingbirdAuth */ = {
			isa = XCSwiftPackageProductDependency;
			package = 0322052C2B96769800205DC6 /* XCRemoteSwiftPackageReference "hummingbird-auth" */;
			productName = HummingbirdAuth;
		};
		032205382B9D29DB00205DC6 /* SettingsAccess */ = {
			isa = XCSwiftPackageProductDependency;
			package = 032205372B9D29DB00205DC6 /* XCRemoteSwiftPackageReference "SettingsAccess" */;
			productName = SettingsAccess;
		};
		3C95D3572BAC651A007AED1E /* Hummingbird */ = {
			isa = XCSwiftPackageProductDependency;
			package = 032205152B8EA60900205DC6 /* XCRemoteSwiftPackageReference "hummingbird" */;
			productName = Hummingbird;
		};
/* End XCSwiftPackageProductDependency section */
	};
	rootObject = 03BD7E7D2598E578000F9495 /* Project object */;
}
