// !$*UTF8*$!
{
	archiveVersion = 1;
	classes = {
	};
	objectVersion = 54;
	objects = {

/* Begin PBXBuildFile section */
		0329F89E25B0F0F10043FAB1 /* AppearanceSettings.swift in Sources */ = {isa = PBXBuildFile; fileRef = 0329F89D25B0F0F10043FAB1 /* AppearanceSettings.swift */; };
		0329F8E125B0F6880043FAB1 /* CCMenuApp.swift in Sources */ = {isa = PBXBuildFile; fileRef = 0329F8E025B0F6880043FAB1 /* CCMenuApp.swift */; };
		0329F92725B21FE20043FAB1 /* AppCommands.swift in Sources */ = {isa = PBXBuildFile; fileRef = 0329F92625B21FE20043FAB1 /* AppCommands.swift */; };
		032FE8E42A654D96003244D7 /* GithubAuthController.swift in Sources */ = {isa = PBXBuildFile; fileRef = 032FE8E32A654D96003244D7 /* GithubAuthController.swift */; };
		0331F39F29A8155000245956 /* MenuExtraModel.swift in Sources */ = {isa = PBXBuildFile; fileRef = 0331F39E29A8155000245956 /* MenuExtraModel.swift */; };
		0336DBAA29846EB800E5811C /* README.md in Resources */ = {isa = PBXBuildFile; fileRef = 0336DBA929846EB800E5811C /* README.md */; };
		0336DBAC29848FE200E5811C /* AddCCTrayPipeline.swift in Sources */ = {isa = PBXBuildFile; fileRef = 0336DBAB29848FE200E5811C /* AddCCTrayPipeline.swift */; };
		0336DBAE2984903B00E5811C /* AddGithubPipeline.swift in Sources */ = {isa = PBXBuildFile; fileRef = 0336DBAD2984903A00E5811C /* AddGithubPipeline.swift */; };
		037AB215297334EE00C33589 /* UserSettings.swift in Sources */ = {isa = PBXBuildFile; fileRef = 037AB214297334EE00C33589 /* UserSettings.swift */; };
		037AB21629733C2500C33589 /* Info.plist in Resources */ = {isa = PBXBuildFile; fileRef = 03BD7EAB2598E57A000F9495 /* Info.plist */; };
		037AB2182979E30300C33589 /* MenuBarExtraMenu.swift in Sources */ = {isa = PBXBuildFile; fileRef = 037AB2172979E30300C33589 /* MenuBarExtraMenu.swift */; };
		037AB21A297B1DCD00C33589 /* MenuBarExtraLabel.swift in Sources */ = {isa = PBXBuildFile; fileRef = 037AB219297B1DCD00C33589 /* MenuBarExtraLabel.swift */; };
		037AB21C297B4D5F00C33589 /* ViewModelTests.swift in Sources */ = {isa = PBXBuildFile; fileRef = 037AB21B297B4D5F00C33589 /* ViewModelTests.swift */; };
		03825DE3259CFF0A00DEB003 /* Pipeline.swift in Sources */ = {isa = PBXBuildFile; fileRef = 03825DE2259CFF0A00DEB003 /* Pipeline.swift */; };
		03825DE8259D005B00DEB003 /* PipelineModel.swift in Sources */ = {isa = PBXBuildFile; fileRef = 03825DE7259D005B00DEB003 /* PipelineModel.swift */; };
		03825DF2259D01C600DEB003 /* PipelineRow.swift in Sources */ = {isa = PBXBuildFile; fileRef = 03825DF1259D01C600DEB003 /* PipelineRow.swift */; };
		03825DFA259D0ACF00DEB003 /* PipelineListView.swift in Sources */ = {isa = PBXBuildFile; fileRef = 03825DF9259D0ACF00DEB003 /* PipelineListView.swift */; };
		03825E81259E164500DEB003 /* WorkspaceController.swift in Sources */ = {isa = PBXBuildFile; fileRef = 03825E80259E164500DEB003 /* WorkspaceController.swift */; };
		03825EA5259FFD1500DEB003 /* TestData.json in Resources */ = {isa = PBXBuildFile; fileRef = 03825E9D259FF64A00DEB003 /* TestData.json */; };
		039B524629676D0700994910 /* Build.swift in Sources */ = {isa = PBXBuildFile; fileRef = 039B524529676D0700994910 /* Build.swift */; };
		03B021252A5D9F9D00B889BE /* MenuExtraModelTests.swift in Sources */ = {isa = PBXBuildFile; fileRef = 03B021242A5D9F9D00B889BE /* MenuExtraModelTests.swift */; };
		03B1D75F2A6079CD007BCB8A /* MenuItemModelTests.swift in Sources */ = {isa = PBXBuildFile; fileRef = 03B1D75E2A6079CD007BCB8A /* MenuItemModelTests.swift */; };
		03B1D7612A607DD0007BCB8A /* ListRowModel.swift in Sources */ = {isa = PBXBuildFile; fileRef = 03B1D7602A607DD0007BCB8A /* ListRowModel.swift */; };
		03B1D7632A6085F1007BCB8A /* ListRowModelTests.swift in Sources */ = {isa = PBXBuildFile; fileRef = 03B1D7622A6085F1007BCB8A /* ListRowModelTests.swift */; };
		03BD7E892598E579000F9495 /* AppDelegate.swift in Sources */ = {isa = PBXBuildFile; fileRef = 03BD7E882598E579000F9495 /* AppDelegate.swift */; };
		03BD7E8D2598E57A000F9495 /* Assets.xcassets in Resources */ = {isa = PBXBuildFile; fileRef = 03BD7E8C2598E57A000F9495 /* Assets.xcassets */; };
		03BD7E902598E57A000F9495 /* Preview Assets.xcassets in Resources */ = {isa = PBXBuildFile; fileRef = 03BD7E8F2598E57A000F9495 /* Preview Assets.xcassets */; };
		03BD7EAA2598E57A000F9495 /* CCMenuUITests.swift in Sources */ = {isa = PBXBuildFile; fileRef = 03BD7EA92598E57A000F9495 /* CCMenuUITests.swift */; };
		03BD7EDB2598ED9B000F9495 /* Credits.rtf in Resources */ = {isa = PBXBuildFile; fileRef = 03BD7EDA2598ED9B000F9495 /* Credits.rtf */; };
		03BD7EFA259A180C000F9495 /* ImageManager.swift in Sources */ = {isa = PBXBuildFile; fileRef = 03BD7EF9259A180C000F9495 /* ImageManager.swift */; };
		03CC11EA2652F49100130833 /* ServerMonitor.swift in Sources */ = {isa = PBXBuildFile; fileRef = 03CC11E92652F49100130833 /* ServerMonitor.swift */; };
		03CC11EC2652F58B00130833 /* ServerMonitorTests.swift in Sources */ = {isa = PBXBuildFile; fileRef = 03CC11EB2652F58B00130833 /* ServerMonitorTests.swift */; };
		03CC11EE2652F6B900130833 /* FeedReader.swift in Sources */ = {isa = PBXBuildFile; fileRef = 03CC11ED2652F6B900130833 /* FeedReader.swift */; };
		03CC11F02652F70800130833 /* CCTrayFeedReader.swift in Sources */ = {isa = PBXBuildFile; fileRef = 03CC11EF2652F70800130833 /* CCTrayFeedReader.swift */; };
		03CC11F2265467C200130833 /* CCTrayResponseParser.swift in Sources */ = {isa = PBXBuildFile; fileRef = 03CC11F1265467C200130833 /* CCTrayResponseParser.swift */; };
		03D4BB012659A1120023F4CB /* PipelineTests.swift in Sources */ = {isa = PBXBuildFile; fileRef = 03D4BB002659A1120023F4CB /* PipelineTests.swift */; };
		03D4BB03265EE5840023F4CB /* GithubFeedReader.swift in Sources */ = {isa = PBXBuildFile; fileRef = 03D4BB02265EE5840023F4CB /* GithubFeedReader.swift */; };
		03D4BB05265EE6B50023F4CB /* GithubResponseParser.swift in Sources */ = {isa = PBXBuildFile; fileRef = 03D4BB04265EE6B50023F4CB /* GithubResponseParser.swift */; };
		03F31CF525B8D29E005299A8 /* SettingsView.swift in Sources */ = {isa = PBXBuildFile; fileRef = 03F31CF425B8D29E005299A8 /* SettingsView.swift */; };
		03F31CFA25B8D52F005299A8 /* NotificationSettings.swift in Sources */ = {isa = PBXBuildFile; fileRef = 03F31CF925B8D52F005299A8 /* NotificationSettings.swift */; };
		03F31D0225B8D5F0005299A8 /* AdvancedSettings.swift in Sources */ = {isa = PBXBuildFile; fileRef = 03F31D0125B8D5F0005299A8 /* AdvancedSettings.swift */; };
		03F682FD25C73584005D56D9 /* EditPipelineSheet.swift in Sources */ = {isa = PBXBuildFile; fileRef = 03F682FC25C73584005D56D9 /* EditPipelineSheet.swift */; };
		03F6830B25C743F2005D56D9 /* PipelineListToolbar.swift in Sources */ = {isa = PBXBuildFile; fileRef = 03F6830A25C743F2005D56D9 /* PipelineListToolbar.swift */; };
		03F9B88E297C5D5B00FA866E /* CompactRelativeFormatStyle.swift in Sources */ = {isa = PBXBuildFile; fileRef = 03F9B88D297C5D5B00FA866E /* CompactRelativeFormatStyle.swift */; };
		03F9B890297C6EEC00FA866E /* CompactRelativeFormatStyleTests.swift in Sources */ = {isa = PBXBuildFile; fileRef = 03F9B88F297C6EEC00FA866E /* CompactRelativeFormatStyleTests.swift */; };
		03F9B894297D38AA00FA866E /* Pipeline.Status.swift in Sources */ = {isa = PBXBuildFile; fileRef = 03F9B893297D38AA00FA866E /* Pipeline.Status.swift */; };
		03F9B896297D486C00FA866E /* Pipeline.Feed.swift in Sources */ = {isa = PBXBuildFile; fileRef = 03F9B895297D486C00FA866E /* Pipeline.Feed.swift */; };
		03F9B898297D4D8F00FA866E /* MenuItemModel.swift in Sources */ = {isa = PBXBuildFile; fileRef = 03F9B897297D4D8F00FA866E /* MenuItemModel.swift */; };
		03F9B89A297D930A00FA866E /* CCTrayFeedReaderTests.swift in Sources */ = {isa = PBXBuildFile; fileRef = 03F9B899297D930A00FA866E /* CCTrayFeedReaderTests.swift */; };
		2FA2827139B00E15C5CD2E7F /* GithubResponseParserTests.swift in Sources */ = {isa = PBXBuildFile; fileRef = 2FA2833D541ABE8B0D2E7615 /* GithubResponseParserTests.swift */; };
		2FA28718B9A6BD8E1C32FF55 /* CCTrayResponseParserTests.swift in Sources */ = {isa = PBXBuildFile; fileRef = 2FA28075764358E9D929CECD /* CCTrayResponseParserTests.swift */; };
		2FA28FBCC0398D63EF2D2C16 /* ImageManagerTests.swift in Sources */ = {isa = PBXBuildFile; fileRef = 2FA28CB152CE8C0CFD6EE3A8 /* ImageManagerTests.swift */; };
/* End PBXBuildFile section */

/* Begin PBXContainerItemProxy section */
		03BD7E9B2598E57A000F9495 /* PBXContainerItemProxy */ = {
			isa = PBXContainerItemProxy;
			containerPortal = 03BD7E7D2598E578000F9495 /* Project object */;
			proxyType = 1;
			remoteGlobalIDString = 03BD7E842598E578000F9495;
			remoteInfo = CCMenu;
		};
		03BD7EA62598E57A000F9495 /* PBXContainerItemProxy */ = {
			isa = PBXContainerItemProxy;
			containerPortal = 03BD7E7D2598E578000F9495 /* Project object */;
			proxyType = 1;
			remoteGlobalIDString = 03BD7E842598E578000F9495;
			remoteInfo = CCMenu;
		};
/* End PBXContainerItemProxy section */

/* Begin PBXFileReference section */
		0329F89D25B0F0F10043FAB1 /* AppearanceSettings.swift */ = {isa = PBXFileReference; lastKnownFileType = sourcecode.swift; path = AppearanceSettings.swift; sourceTree = "<group>"; };
		0329F8E025B0F6880043FAB1 /* CCMenuApp.swift */ = {isa = PBXFileReference; lastKnownFileType = sourcecode.swift; path = CCMenuApp.swift; sourceTree = "<group>"; };
		0329F92625B21FE20043FAB1 /* AppCommands.swift */ = {isa = PBXFileReference; lastKnownFileType = sourcecode.swift; path = AppCommands.swift; sourceTree = "<group>"; };
		032FE8E32A654D96003244D7 /* GithubAuthController.swift */ = {isa = PBXFileReference; lastKnownFileType = sourcecode.swift; path = GithubAuthController.swift; sourceTree = "<group>"; };
		0331F39E29A8155000245956 /* MenuExtraModel.swift */ = {isa = PBXFileReference; lastKnownFileType = sourcecode.swift; path = MenuExtraModel.swift; sourceTree = "<group>"; };
		0336DBA929846EB800E5811C /* README.md */ = {isa = PBXFileReference; fileEncoding = 4; lastKnownFileType = net.daringfireball.markdown; path = README.md; sourceTree = "<group>"; };
		0336DBAB29848FE200E5811C /* AddCCTrayPipeline.swift */ = {isa = PBXFileReference; lastKnownFileType = sourcecode.swift; path = AddCCTrayPipeline.swift; sourceTree = "<group>"; };
		0336DBAD2984903A00E5811C /* AddGithubPipeline.swift */ = {isa = PBXFileReference; lastKnownFileType = sourcecode.swift; path = AddGithubPipeline.swift; sourceTree = "<group>"; };
		037AB214297334EE00C33589 /* UserSettings.swift */ = {isa = PBXFileReference; lastKnownFileType = sourcecode.swift; path = UserSettings.swift; sourceTree = "<group>"; };
		037AB2172979E30300C33589 /* MenuBarExtraMenu.swift */ = {isa = PBXFileReference; lastKnownFileType = sourcecode.swift; path = MenuBarExtraMenu.swift; sourceTree = "<group>"; };
		037AB219297B1DCD00C33589 /* MenuBarExtraLabel.swift */ = {isa = PBXFileReference; lastKnownFileType = sourcecode.swift; path = MenuBarExtraLabel.swift; sourceTree = "<group>"; };
		037AB21B297B4D5F00C33589 /* ViewModelTests.swift */ = {isa = PBXFileReference; lastKnownFileType = sourcecode.swift; path = ViewModelTests.swift; sourceTree = "<group>"; };
		03825DE2259CFF0A00DEB003 /* Pipeline.swift */ = {isa = PBXFileReference; lastKnownFileType = sourcecode.swift; path = Pipeline.swift; sourceTree = "<group>"; };
		03825DE7259D005B00DEB003 /* PipelineModel.swift */ = {isa = PBXFileReference; lastKnownFileType = sourcecode.swift; path = PipelineModel.swift; sourceTree = "<group>"; };
		03825DF1259D01C600DEB003 /* PipelineRow.swift */ = {isa = PBXFileReference; lastKnownFileType = sourcecode.swift; path = PipelineRow.swift; sourceTree = "<group>"; };
		03825DF9259D0ACF00DEB003 /* PipelineListView.swift */ = {isa = PBXFileReference; lastKnownFileType = sourcecode.swift; path = PipelineListView.swift; sourceTree = "<group>"; };
		03825E80259E164500DEB003 /* WorkspaceController.swift */ = {isa = PBXFileReference; lastKnownFileType = sourcecode.swift; path = WorkspaceController.swift; sourceTree = "<group>"; };
		03825E9D259FF64A00DEB003 /* TestData.json */ = {isa = PBXFileReference; lastKnownFileType = text.json; path = TestData.json; sourceTree = "<group>"; };
		039B524529676D0700994910 /* Build.swift */ = {isa = PBXFileReference; lastKnownFileType = sourcecode.swift; path = Build.swift; sourceTree = "<group>"; };
		03B021242A5D9F9D00B889BE /* MenuExtraModelTests.swift */ = {isa = PBXFileReference; lastKnownFileType = sourcecode.swift; path = MenuExtraModelTests.swift; sourceTree = "<group>"; };
		03B1D75E2A6079CD007BCB8A /* MenuItemModelTests.swift */ = {isa = PBXFileReference; lastKnownFileType = sourcecode.swift; path = MenuItemModelTests.swift; sourceTree = "<group>"; };
		03B1D7602A607DD0007BCB8A /* ListRowModel.swift */ = {isa = PBXFileReference; lastKnownFileType = sourcecode.swift; path = ListRowModel.swift; sourceTree = "<group>"; };
		03B1D7622A6085F1007BCB8A /* ListRowModelTests.swift */ = {isa = PBXFileReference; lastKnownFileType = sourcecode.swift; path = ListRowModelTests.swift; sourceTree = "<group>"; };
		03BD7E852598E578000F9495 /* CCMenu.app */ = {isa = PBXFileReference; explicitFileType = wrapper.application; includeInIndex = 0; path = CCMenu.app; sourceTree = BUILT_PRODUCTS_DIR; };
		03BD7E882598E579000F9495 /* AppDelegate.swift */ = {isa = PBXFileReference; lastKnownFileType = sourcecode.swift; path = AppDelegate.swift; sourceTree = "<group>"; };
		03BD7E8C2598E57A000F9495 /* Assets.xcassets */ = {isa = PBXFileReference; lastKnownFileType = folder.assetcatalog; path = Assets.xcassets; sourceTree = "<group>"; };
		03BD7E8F2598E57A000F9495 /* Preview Assets.xcassets */ = {isa = PBXFileReference; lastKnownFileType = folder.assetcatalog; path = "Preview Assets.xcassets"; sourceTree = "<group>"; };
		03BD7E942598E57A000F9495 /* Info.plist */ = {isa = PBXFileReference; lastKnownFileType = text.plist.xml; path = Info.plist; sourceTree = "<group>"; };
		03BD7E952598E57A000F9495 /* CCMenu.entitlements */ = {isa = PBXFileReference; lastKnownFileType = text.plist.entitlements; path = CCMenu.entitlements; sourceTree = "<group>"; };
		03BD7E9A2598E57A000F9495 /* CCMenuTests.xctest */ = {isa = PBXFileReference; explicitFileType = wrapper.cfbundle; includeInIndex = 0; path = CCMenuTests.xctest; sourceTree = BUILT_PRODUCTS_DIR; };
		03BD7EA02598E57A000F9495 /* Info.plist */ = {isa = PBXFileReference; lastKnownFileType = text.plist.xml; path = Info.plist; sourceTree = "<group>"; };
		03BD7EA52598E57A000F9495 /* CCMenuUITests.xctest */ = {isa = PBXFileReference; explicitFileType = wrapper.cfbundle; includeInIndex = 0; path = CCMenuUITests.xctest; sourceTree = BUILT_PRODUCTS_DIR; };
		03BD7EA92598E57A000F9495 /* CCMenuUITests.swift */ = {isa = PBXFileReference; lastKnownFileType = sourcecode.swift; path = CCMenuUITests.swift; sourceTree = "<group>"; };
		03BD7EAB2598E57A000F9495 /* Info.plist */ = {isa = PBXFileReference; lastKnownFileType = text.plist.xml; path = Info.plist; sourceTree = "<group>"; };
		03BD7EDA2598ED9B000F9495 /* Credits.rtf */ = {isa = PBXFileReference; lastKnownFileType = text.rtf; path = Credits.rtf; sourceTree = "<group>"; };
		03BD7EF9259A180C000F9495 /* ImageManager.swift */ = {isa = PBXFileReference; lastKnownFileType = sourcecode.swift; path = ImageManager.swift; sourceTree = "<group>"; };
		03CC11E92652F49100130833 /* ServerMonitor.swift */ = {isa = PBXFileReference; lastKnownFileType = sourcecode.swift; path = ServerMonitor.swift; sourceTree = "<group>"; };
		03CC11EB2652F58B00130833 /* ServerMonitorTests.swift */ = {isa = PBXFileReference; lastKnownFileType = sourcecode.swift; path = ServerMonitorTests.swift; sourceTree = "<group>"; };
		03CC11ED2652F6B900130833 /* FeedReader.swift */ = {isa = PBXFileReference; lastKnownFileType = sourcecode.swift; path = FeedReader.swift; sourceTree = "<group>"; };
		03CC11EF2652F70800130833 /* CCTrayFeedReader.swift */ = {isa = PBXFileReference; lastKnownFileType = sourcecode.swift; path = CCTrayFeedReader.swift; sourceTree = "<group>"; };
		03CC11F1265467C200130833 /* CCTrayResponseParser.swift */ = {isa = PBXFileReference; lastKnownFileType = sourcecode.swift; path = CCTrayResponseParser.swift; sourceTree = "<group>"; };
		03D4BB002659A1120023F4CB /* PipelineTests.swift */ = {isa = PBXFileReference; lastKnownFileType = sourcecode.swift; path = PipelineTests.swift; sourceTree = "<group>"; };
		03D4BB02265EE5840023F4CB /* GithubFeedReader.swift */ = {isa = PBXFileReference; lastKnownFileType = sourcecode.swift; path = GithubFeedReader.swift; sourceTree = "<group>"; };
		03D4BB04265EE6B50023F4CB /* GithubResponseParser.swift */ = {isa = PBXFileReference; lastKnownFileType = sourcecode.swift; path = GithubResponseParser.swift; sourceTree = "<group>"; };
		03F31CF425B8D29E005299A8 /* SettingsView.swift */ = {isa = PBXFileReference; lastKnownFileType = sourcecode.swift; path = SettingsView.swift; sourceTree = "<group>"; };
		03F31CF925B8D52F005299A8 /* NotificationSettings.swift */ = {isa = PBXFileReference; lastKnownFileType = sourcecode.swift; path = NotificationSettings.swift; sourceTree = "<group>"; };
		03F31D0125B8D5F0005299A8 /* AdvancedSettings.swift */ = {isa = PBXFileReference; lastKnownFileType = sourcecode.swift; path = AdvancedSettings.swift; sourceTree = "<group>"; };
		03F682FC25C73584005D56D9 /* EditPipelineSheet.swift */ = {isa = PBXFileReference; fileEncoding = 4; lastKnownFileType = sourcecode.swift; path = EditPipelineSheet.swift; sourceTree = "<group>"; };
		03F6830A25C743F2005D56D9 /* PipelineListToolbar.swift */ = {isa = PBXFileReference; lastKnownFileType = sourcecode.swift; path = PipelineListToolbar.swift; sourceTree = "<group>"; };
		03F9B88D297C5D5B00FA866E /* CompactRelativeFormatStyle.swift */ = {isa = PBXFileReference; lastKnownFileType = sourcecode.swift; path = CompactRelativeFormatStyle.swift; sourceTree = "<group>"; };
		03F9B88F297C6EEC00FA866E /* CompactRelativeFormatStyleTests.swift */ = {isa = PBXFileReference; lastKnownFileType = sourcecode.swift; path = CompactRelativeFormatStyleTests.swift; sourceTree = "<group>"; };
		03F9B893297D38AA00FA866E /* Pipeline.Status.swift */ = {isa = PBXFileReference; lastKnownFileType = sourcecode.swift; path = Pipeline.Status.swift; sourceTree = "<group>"; };
		03F9B895297D486C00FA866E /* Pipeline.Feed.swift */ = {isa = PBXFileReference; lastKnownFileType = sourcecode.swift; path = Pipeline.Feed.swift; sourceTree = "<group>"; };
		03F9B897297D4D8F00FA866E /* MenuItemModel.swift */ = {isa = PBXFileReference; lastKnownFileType = sourcecode.swift; path = MenuItemModel.swift; sourceTree = "<group>"; };
		03F9B899297D930A00FA866E /* CCTrayFeedReaderTests.swift */ = {isa = PBXFileReference; lastKnownFileType = sourcecode.swift; path = CCTrayFeedReaderTests.swift; sourceTree = "<group>"; };
		2FA28075764358E9D929CECD /* CCTrayResponseParserTests.swift */ = {isa = PBXFileReference; fileEncoding = 4; lastKnownFileType = sourcecode.swift; path = CCTrayResponseParserTests.swift; sourceTree = "<group>"; };
		2FA2833D541ABE8B0D2E7615 /* GithubResponseParserTests.swift */ = {isa = PBXFileReference; fileEncoding = 4; lastKnownFileType = sourcecode.swift; path = GithubResponseParserTests.swift; sourceTree = "<group>"; };
		2FA28CB152CE8C0CFD6EE3A8 /* ImageManagerTests.swift */ = {isa = PBXFileReference; fileEncoding = 4; lastKnownFileType = sourcecode.swift; path = ImageManagerTests.swift; sourceTree = "<group>"; };
/* End PBXFileReference section */

/* Begin PBXFrameworksBuildPhase section */
		03BD7E822598E578000F9495 /* Frameworks */ = {
			isa = PBXFrameworksBuildPhase;
			buildActionMask = 2147483647;
			files = (
			);
			runOnlyForDeploymentPostprocessing = 0;
		};
		03BD7E972598E57A000F9495 /* Frameworks */ = {
			isa = PBXFrameworksBuildPhase;
			buildActionMask = 2147483647;
			files = (
			);
			runOnlyForDeploymentPostprocessing = 0;
		};
		03BD7EA22598E57A000F9495 /* Frameworks */ = {
			isa = PBXFrameworksBuildPhase;
			buildActionMask = 2147483647;
			files = (
			);
			runOnlyForDeploymentPostprocessing = 0;
		};
/* End PBXFrameworksBuildPhase section */

/* Begin PBXGroup section */
		03BD7E7C2598E578000F9495 = {
			isa = PBXGroup;
			children = (
				0336DBA929846EB800E5811C /* README.md */,
				03BD7E872598E579000F9495 /* CCMenu */,
				03BD7E9D2598E57A000F9495 /* CCMenuTests */,
				03BD7EA82598E57A000F9495 /* CCMenuUITests */,
				03BD7E862598E578000F9495 /* Products */,
			);
			sourceTree = "<group>";
		};
		03BD7E862598E578000F9495 /* Products */ = {
			isa = PBXGroup;
			children = (
				03BD7E852598E578000F9495 /* CCMenu.app */,
				03BD7E9A2598E57A000F9495 /* CCMenuTests.xctest */,
				03BD7EA52598E57A000F9495 /* CCMenuUITests.xctest */,
			);
			name = Products;
			sourceTree = "<group>";
		};
		03BD7E872598E579000F9495 /* CCMenu */ = {
			isa = PBXGroup;
			children = (
				03CC11E02652F06F00130833 /* Source */,
				03CC11E72652F1B700130833 /* Resources */,
				03BD7E8C2598E57A000F9495 /* Assets.xcassets */,
				03BD7E8E2598E57A000F9495 /* Preview Content */,
			);
			path = CCMenu;
			sourceTree = "<group>";
		};
		03BD7E8E2598E57A000F9495 /* Preview Content */ = {
			isa = PBXGroup;
			children = (
				03BD7E8F2598E57A000F9495 /* Preview Assets.xcassets */,
			);
			path = "Preview Content";
			sourceTree = "<group>";
		};
		03BD7E9D2598E57A000F9495 /* CCMenuTests */ = {
			isa = PBXGroup;
			children = (
				03D4BB002659A1120023F4CB /* PipelineTests.swift */,
				037AB21B297B4D5F00C33589 /* ViewModelTests.swift */,
				03B021242A5D9F9D00B889BE /* MenuExtraModelTests.swift */,
				03B1D75E2A6079CD007BCB8A /* MenuItemModelTests.swift */,
				03B1D7622A6085F1007BCB8A /* ListRowModelTests.swift */,
				03CC11EB2652F58B00130833 /* ServerMonitorTests.swift */,
				03F9B899297D930A00FA866E /* CCTrayFeedReaderTests.swift */,
				2FA28075764358E9D929CECD /* CCTrayResponseParserTests.swift */,
				2FA2833D541ABE8B0D2E7615 /* GithubResponseParserTests.swift */,
				03F9B88F297C6EEC00FA866E /* CompactRelativeFormatStyleTests.swift */,
				2FA28CB152CE8C0CFD6EE3A8 /* ImageManagerTests.swift */,
				03BD7EA02598E57A000F9495 /* Info.plist */,
			);
			path = CCMenuTests;
			sourceTree = "<group>";
		};
		03BD7EA82598E57A000F9495 /* CCMenuUITests */ = {
			isa = PBXGroup;
			children = (
				03BD7EA92598E57A000F9495 /* CCMenuUITests.swift */,
				03825E9D259FF64A00DEB003 /* TestData.json */,
				03BD7EAB2598E57A000F9495 /* Info.plist */,
			);
			path = CCMenuUITests;
			sourceTree = "<group>";
		};
		03CC11DF2652F02100130833 /* App */ = {
			isa = PBXGroup;
			children = (
				0329F8E025B0F6880043FAB1 /* CCMenuApp.swift */,
				03BD7E882598E579000F9495 /* AppDelegate.swift */,
				0329F92625B21FE20043FAB1 /* AppCommands.swift */,
			);
			path = App;
			sourceTree = "<group>";
		};
		03CC11E02652F06F00130833 /* Source */ = {
			isa = PBXGroup;
			children = (
				03CC11DF2652F02100130833 /* App */,
				03CC11E12652F08300130833 /* Model */,
				03CC11E22652F09800130833 /* Menu Bar Extra */,
				03CC11E32652F0B100130833 /* Pipeline Window */,
				03CC11E42652F0D800130833 /* Settings */,
				03CC11E82652F38A00130833 /* Server Monitor */,
				03CC11E52652F0F200130833 /* Miscellaneous */,
			);
			path = Source;
			sourceTree = "<group>";
		};
		03CC11E12652F08300130833 /* Model */ = {
			isa = PBXGroup;
			children = (
				03825DE2259CFF0A00DEB003 /* Pipeline.swift */,
				03F9B895297D486C00FA866E /* Pipeline.Feed.swift */,
				03F9B893297D38AA00FA866E /* Pipeline.Status.swift */,
				039B524529676D0700994910 /* Build.swift */,
				03825DE7259D005B00DEB003 /* PipelineModel.swift */,
				0331F39E29A8155000245956 /* MenuExtraModel.swift */,
				03F9B897297D4D8F00FA866E /* MenuItemModel.swift */,
				03B1D7602A607DD0007BCB8A /* ListRowModel.swift */,
			);
			path = Model;
			sourceTree = "<group>";
		};
		03CC11E22652F09800130833 /* Menu Bar Extra */ = {
			isa = PBXGroup;
			children = (
				037AB219297B1DCD00C33589 /* MenuBarExtraLabel.swift */,
				037AB2172979E30300C33589 /* MenuBarExtraMenu.swift */,
			);
			path = "Menu Bar Extra";
			sourceTree = "<group>";
		};
		03CC11E32652F0B100130833 /* Pipeline Window */ = {
			isa = PBXGroup;
			children = (
				03825DF9259D0ACF00DEB003 /* PipelineListView.swift */,
				03825DF1259D01C600DEB003 /* PipelineRow.swift */,
				03F6830A25C743F2005D56D9 /* PipelineListToolbar.swift */,
				0336DBAB29848FE200E5811C /* AddCCTrayPipeline.swift */,
				0336DBAD2984903A00E5811C /* AddGithubPipeline.swift */,
				03F682FC25C73584005D56D9 /* EditPipelineSheet.swift */,
			);
			path = "Pipeline Window";
			sourceTree = "<group>";
		};
		03CC11E42652F0D800130833 /* Settings */ = {
			isa = PBXGroup;
			children = (
				03F31CF425B8D29E005299A8 /* SettingsView.swift */,
				03F31CF925B8D52F005299A8 /* NotificationSettings.swift */,
				0329F89D25B0F0F10043FAB1 /* AppearanceSettings.swift */,
				03F31D0125B8D5F0005299A8 /* AdvancedSettings.swift */,
			);
			path = Settings;
			sourceTree = "<group>";
		};
		03CC11E52652F0F200130833 /* Miscellaneous */ = {
			isa = PBXGroup;
			children = (
				03F9B88D297C5D5B00FA866E /* CompactRelativeFormatStyle.swift */,
				03BD7EF9259A180C000F9495 /* ImageManager.swift */,
				037AB214297334EE00C33589 /* UserSettings.swift */,
				03825E80259E164500DEB003 /* WorkspaceController.swift */,
			);
			path = Miscellaneous;
			sourceTree = "<group>";
		};
		03CC11E72652F1B700130833 /* Resources */ = {
			isa = PBXGroup;
			children = (
				03BD7E942598E57A000F9495 /* Info.plist */,
				03BD7E952598E57A000F9495 /* CCMenu.entitlements */,
				03BD7EDA2598ED9B000F9495 /* Credits.rtf */,
			);
			path = Resources;
			sourceTree = "<group>";
		};
		03CC11E82652F38A00130833 /* Server Monitor */ = {
			isa = PBXGroup;
			children = (
				03CC11E92652F49100130833 /* ServerMonitor.swift */,
				03CC11ED2652F6B900130833 /* FeedReader.swift */,
				03CC11EF2652F70800130833 /* CCTrayFeedReader.swift */,
				03CC11F1265467C200130833 /* CCTrayResponseParser.swift */,
				03D4BB02265EE5840023F4CB /* GithubFeedReader.swift */,
				03D4BB04265EE6B50023F4CB /* GithubResponseParser.swift */,
				032FE8E32A654D96003244D7 /* GithubAuthController.swift */,
			);
			path = "Server Monitor";
			sourceTree = "<group>";
		};
/* End PBXGroup section */

/* Begin PBXNativeTarget section */
		03BD7E842598E578000F9495 /* CCMenu */ = {
			isa = PBXNativeTarget;
			buildConfigurationList = 03BD7EAE2598E57A000F9495 /* Build configuration list for PBXNativeTarget "CCMenu" */;
			buildPhases = (
				03BD7E812598E578000F9495 /* Sources */,
				03BD7E822598E578000F9495 /* Frameworks */,
				03BD7E832598E578000F9495 /* Resources */,
				03BD7ED02598E883000F9495 /* ShellScript */,
			);
			buildRules = (
			);
			dependencies = (
			);
			name = CCMenu;
			productName = CCMenu;
			productReference = 03BD7E852598E578000F9495 /* CCMenu.app */;
			productType = "com.apple.product-type.application";
		};
		03BD7E992598E57A000F9495 /* CCMenuTests */ = {
			isa = PBXNativeTarget;
			buildConfigurationList = 03BD7EB12598E57A000F9495 /* Build configuration list for PBXNativeTarget "CCMenuTests" */;
			buildPhases = (
				03BD7E962598E57A000F9495 /* Sources */,
				03BD7E972598E57A000F9495 /* Frameworks */,
				03BD7E982598E57A000F9495 /* Resources */,
			);
			buildRules = (
			);
			dependencies = (
				03BD7E9C2598E57A000F9495 /* PBXTargetDependency */,
			);
			name = CCMenuTests;
			productName = CCMenuTests;
			productReference = 03BD7E9A2598E57A000F9495 /* CCMenuTests.xctest */;
			productType = "com.apple.product-type.bundle.unit-test";
		};
		03BD7EA42598E57A000F9495 /* CCMenuUITests */ = {
			isa = PBXNativeTarget;
			buildConfigurationList = 03BD7EB42598E57A000F9495 /* Build configuration list for PBXNativeTarget "CCMenuUITests" */;
			buildPhases = (
				03BD7EA12598E57A000F9495 /* Sources */,
				03BD7EA22598E57A000F9495 /* Frameworks */,
				03BD7EA32598E57A000F9495 /* Resources */,
			);
			buildRules = (
			);
			dependencies = (
				03BD7EA72598E57A000F9495 /* PBXTargetDependency */,
			);
			name = CCMenuUITests;
			productName = CCMenuUITests;
			productReference = 03BD7EA52598E57A000F9495 /* CCMenuUITests.xctest */;
			productType = "com.apple.product-type.bundle.ui-testing";
		};
/* End PBXNativeTarget section */

/* Begin PBXProject section */
		03BD7E7D2598E578000F9495 /* Project object */ = {
			isa = PBXProject;
			attributes = {
				LastSwiftUpdateCheck = 1230;
				LastUpgradeCheck = 1420;
				TargetAttributes = {
					03BD7E842598E578000F9495 = {
						CreatedOnToolsVersion = 12.3;
					};
					03BD7E992598E57A000F9495 = {
						CreatedOnToolsVersion = 12.3;
						TestTargetID = 03BD7E842598E578000F9495;
					};
					03BD7EA42598E57A000F9495 = {
						CreatedOnToolsVersion = 12.3;
						TestTargetID = 03BD7E842598E578000F9495;
					};
				};
			};
			buildConfigurationList = 03BD7E802598E578000F9495 /* Build configuration list for PBXProject "CCMenu" */;
			compatibilityVersion = "Xcode 9.3";
			developmentRegion = en;
			hasScannedForEncodings = 0;
			knownRegions = (
				en,
				Base,
			);
			mainGroup = 03BD7E7C2598E578000F9495;
			productRefGroup = 03BD7E862598E578000F9495 /* Products */;
			projectDirPath = "";
			projectRoot = "";
			targets = (
				03BD7E842598E578000F9495 /* CCMenu */,
				03BD7E992598E57A000F9495 /* CCMenuTests */,
				03BD7EA42598E57A000F9495 /* CCMenuUITests */,
			);
		};
/* End PBXProject section */

/* Begin PBXResourcesBuildPhase section */
		03BD7E832598E578000F9495 /* Resources */ = {
			isa = PBXResourcesBuildPhase;
			buildActionMask = 2147483647;
			files = (
				03BD7E902598E57A000F9495 /* Preview Assets.xcassets in Resources */,
				03BD7E8D2598E57A000F9495 /* Assets.xcassets in Resources */,
				0336DBAA29846EB800E5811C /* README.md in Resources */,
				03BD7EDB2598ED9B000F9495 /* Credits.rtf in Resources */,
			);
			runOnlyForDeploymentPostprocessing = 0;
		};
		03BD7E982598E57A000F9495 /* Resources */ = {
			isa = PBXResourcesBuildPhase;
			buildActionMask = 2147483647;
			files = (
			);
			runOnlyForDeploymentPostprocessing = 0;
		};
		03BD7EA32598E57A000F9495 /* Resources */ = {
			isa = PBXResourcesBuildPhase;
			buildActionMask = 2147483647;
			files = (
				037AB21629733C2500C33589 /* Info.plist in Resources */,
				03825EA5259FFD1500DEB003 /* TestData.json in Resources */,
			);
			runOnlyForDeploymentPostprocessing = 0;
		};
/* End PBXResourcesBuildPhase section */

/* Begin PBXShellScriptBuildPhase section */
		03BD7ED02598E883000F9495 /* ShellScript */ = {
			isa = PBXShellScriptBuildPhase;
			alwaysOutOfDate = 1;
			buildActionMask = 2147483647;
			files = (
			);
			inputFileListPaths = (
			);
			inputPaths = (
			);
			outputFileListPaths = (
			);
			outputPaths = (
			);
			runOnlyForDeploymentPostprocessing = 0;
			shellPath = /bin/sh;
			shellScript = "SHA=`git rev-parse --short HEAD | tr '[a-z]' '[A-Z]'`\nsed -i \"\" \"s/#gitsha#/$SHA/\" \"${BUILT_PRODUCTS_DIR}\"/CCMenu.app/Contents/Info.plist\n";
		};
/* End PBXShellScriptBuildPhase section */

/* Begin PBXSourcesBuildPhase section */
		03BD7E812598E578000F9495 /* Sources */ = {
			isa = PBXSourcesBuildPhase;
			buildActionMask = 2147483647;
			files = (
				0329F8E125B0F6880043FAB1 /* CCMenuApp.swift in Sources */,
				037AB215297334EE00C33589 /* UserSettings.swift in Sources */,
				03BD7EFA259A180C000F9495 /* ImageManager.swift in Sources */,
				03825DFA259D0ACF00DEB003 /* PipelineListView.swift in Sources */,
				03825DF2259D01C600DEB003 /* PipelineRow.swift in Sources */,
				03825DE3259CFF0A00DEB003 /* Pipeline.swift in Sources */,
				03F31D0225B8D5F0005299A8 /* AdvancedSettings.swift in Sources */,
				039B524629676D0700994910 /* Build.swift in Sources */,
				0329F92725B21FE20043FAB1 /* AppCommands.swift in Sources */,
				03825E81259E164500DEB003 /* WorkspaceController.swift in Sources */,
				037AB2182979E30300C33589 /* MenuBarExtraMenu.swift in Sources */,
				03F9B88E297C5D5B00FA866E /* CompactRelativeFormatStyle.swift in Sources */,
				03F9B896297D486C00FA866E /* Pipeline.Feed.swift in Sources */,
				03CC11F2265467C200130833 /* CCTrayResponseParser.swift in Sources */,
				03F6830B25C743F2005D56D9 /* PipelineListToolbar.swift in Sources */,
				03F31CFA25B8D52F005299A8 /* NotificationSettings.swift in Sources */,
				0331F39F29A8155000245956 /* MenuExtraModel.swift in Sources */,
				03F9B894297D38AA00FA866E /* Pipeline.Status.swift in Sources */,
				03BD7E892598E579000F9495 /* AppDelegate.swift in Sources */,
				037AB21A297B1DCD00C33589 /* MenuBarExtraLabel.swift in Sources */,
				0336DBAE2984903B00E5811C /* AddGithubPipeline.swift in Sources */,
				03CC11EE2652F6B900130833 /* FeedReader.swift in Sources */,
				03825DE8259D005B00DEB003 /* PipelineModel.swift in Sources */,
				03CC11EA2652F49100130833 /* ServerMonitor.swift in Sources */,
				03F682FD25C73584005D56D9 /* EditPipelineSheet.swift in Sources */,
				03D4BB03265EE5840023F4CB /* GithubFeedReader.swift in Sources */,
				032FE8E42A654D96003244D7 /* GithubAuthController.swift in Sources */,
				03F9B898297D4D8F00FA866E /* MenuItemModel.swift in Sources */,
				03D4BB05265EE6B50023F4CB /* GithubResponseParser.swift in Sources */,
				03CC11F02652F70800130833 /* CCTrayFeedReader.swift in Sources */,
				0336DBAC29848FE200E5811C /* AddCCTrayPipeline.swift in Sources */,
				0329F89E25B0F0F10043FAB1 /* AppearanceSettings.swift in Sources */,
				03B1D7612A607DD0007BCB8A /* ListRowModel.swift in Sources */,
				03F31CF525B8D29E005299A8 /* SettingsView.swift in Sources */,
			);
			runOnlyForDeploymentPostprocessing = 0;
		};
		03BD7E962598E57A000F9495 /* Sources */ = {
			isa = PBXSourcesBuildPhase;
			buildActionMask = 2147483647;
			files = (
				03D4BB012659A1120023F4CB /* PipelineTests.swift in Sources */,
				03CC11EC2652F58B00130833 /* ServerMonitorTests.swift in Sources */,
				037AB21C297B4D5F00C33589 /* ViewModelTests.swift in Sources */,
				2FA28FBCC0398D63EF2D2C16 /* ImageManagerTests.swift in Sources */,
				03B021252A5D9F9D00B889BE /* MenuExtraModelTests.swift in Sources */,
				2FA28718B9A6BD8E1C32FF55 /* CCTrayResponseParserTests.swift in Sources */,
				2FA2827139B00E15C5CD2E7F /* GithubResponseParserTests.swift in Sources */,
				03B1D75F2A6079CD007BCB8A /* MenuItemModelTests.swift in Sources */,
				03F9B89A297D930A00FA866E /* CCTrayFeedReaderTests.swift in Sources */,
				03B1D7632A6085F1007BCB8A /* ListRowModelTests.swift in Sources */,
				03F9B890297C6EEC00FA866E /* CompactRelativeFormatStyleTests.swift in Sources */,
			);
			runOnlyForDeploymentPostprocessing = 0;
		};
		03BD7EA12598E57A000F9495 /* Sources */ = {
			isa = PBXSourcesBuildPhase;
			buildActionMask = 2147483647;
			files = (
				03BD7EAA2598E57A000F9495 /* CCMenuUITests.swift in Sources */,
			);
			runOnlyForDeploymentPostprocessing = 0;
		};
/* End PBXSourcesBuildPhase section */

/* Begin PBXTargetDependency section */
		03BD7E9C2598E57A000F9495 /* PBXTargetDependency */ = {
			isa = PBXTargetDependency;
			target = 03BD7E842598E578000F9495 /* CCMenu */;
			targetProxy = 03BD7E9B2598E57A000F9495 /* PBXContainerItemProxy */;
		};
		03BD7EA72598E57A000F9495 /* PBXTargetDependency */ = {
			isa = PBXTargetDependency;
			target = 03BD7E842598E578000F9495 /* CCMenu */;
			targetProxy = 03BD7EA62598E57A000F9495 /* PBXContainerItemProxy */;
		};
/* End PBXTargetDependency section */

/* Begin XCBuildConfiguration section */
		03BD7EAC2598E57A000F9495 /* Debug */ = {
			isa = XCBuildConfiguration;
			buildSettings = {
				ALWAYS_SEARCH_USER_PATHS = NO;
				CLANG_ANALYZER_NONNULL = YES;
				CLANG_ANALYZER_NUMBER_OBJECT_CONVERSION = YES_AGGRESSIVE;
				CLANG_CXX_LANGUAGE_STANDARD = "gnu++14";
				CLANG_CXX_LIBRARY = "libc++";
				CLANG_ENABLE_MODULES = YES;
				CLANG_ENABLE_OBJC_ARC = YES;
				CLANG_ENABLE_OBJC_WEAK = YES;
				CLANG_WARN_BLOCK_CAPTURE_AUTORELEASING = YES;
				CLANG_WARN_BOOL_CONVERSION = YES;
				CLANG_WARN_COMMA = YES;
				CLANG_WARN_CONSTANT_CONVERSION = YES;
				CLANG_WARN_DEPRECATED_OBJC_IMPLEMENTATIONS = YES;
				CLANG_WARN_DIRECT_OBJC_ISA_USAGE = YES_ERROR;
				CLANG_WARN_DOCUMENTATION_COMMENTS = YES;
				CLANG_WARN_EMPTY_BODY = YES;
				CLANG_WARN_ENUM_CONVERSION = YES;
				CLANG_WARN_INFINITE_RECURSION = YES;
				CLANG_WARN_INT_CONVERSION = YES;
				CLANG_WARN_NON_LITERAL_NULL_CONVERSION = YES;
				CLANG_WARN_OBJC_IMPLICIT_RETAIN_SELF = YES;
				CLANG_WARN_OBJC_LITERAL_CONVERSION = YES;
				CLANG_WARN_OBJC_ROOT_CLASS = YES_ERROR;
				CLANG_WARN_QUOTED_INCLUDE_IN_FRAMEWORK_HEADER = YES;
				CLANG_WARN_RANGE_LOOP_ANALYSIS = YES;
				CLANG_WARN_STRICT_PROTOTYPES = YES;
				CLANG_WARN_SUSPICIOUS_MOVE = YES;
				CLANG_WARN_UNGUARDED_AVAILABILITY = YES_AGGRESSIVE;
				CLANG_WARN_UNREACHABLE_CODE = YES;
				CLANG_WARN__DUPLICATE_METHOD_MATCH = YES;
				COPY_PHASE_STRIP = NO;
				DEAD_CODE_STRIPPING = YES;
				DEBUG_INFORMATION_FORMAT = dwarf;
				ENABLE_STRICT_OBJC_MSGSEND = YES;
				ENABLE_TESTABILITY = YES;
				GCC_C_LANGUAGE_STANDARD = gnu11;
				GCC_DYNAMIC_NO_PIC = NO;
				GCC_NO_COMMON_BLOCKS = YES;
				GCC_OPTIMIZATION_LEVEL = 0;
				GCC_PREPROCESSOR_DEFINITIONS = (
					"DEBUG=1",
					"$(inherited)",
				);
				GCC_WARN_64_TO_32_BIT_CONVERSION = YES;
				GCC_WARN_ABOUT_RETURN_TYPE = YES_ERROR;
				GCC_WARN_UNDECLARED_SELECTOR = YES;
				GCC_WARN_UNINITIALIZED_AUTOS = YES_AGGRESSIVE;
				GCC_WARN_UNUSED_FUNCTION = YES;
				GCC_WARN_UNUSED_VARIABLE = YES;
				MACOSX_DEPLOYMENT_TARGET = 13.0;
				MTL_ENABLE_DEBUG_INFO = INCLUDE_SOURCE;
				MTL_FAST_MATH = YES;
				ONLY_ACTIVE_ARCH = YES;
				SDKROOT = macosx;
				SWIFT_ACTIVE_COMPILATION_CONDITIONS = DEBUG;
				SWIFT_OPTIMIZATION_LEVEL = "-Onone";
				UNIT_TEST_BUILD = true;
			};
			name = Debug;
		};
		03BD7EAD2598E57A000F9495 /* Release */ = {
			isa = XCBuildConfiguration;
			buildSettings = {
				ALWAYS_SEARCH_USER_PATHS = NO;
				CLANG_ANALYZER_NONNULL = YES;
				CLANG_ANALYZER_NUMBER_OBJECT_CONVERSION = YES_AGGRESSIVE;
				CLANG_CXX_LANGUAGE_STANDARD = "gnu++14";
				CLANG_CXX_LIBRARY = "libc++";
				CLANG_ENABLE_MODULES = YES;
				CLANG_ENABLE_OBJC_ARC = YES;
				CLANG_ENABLE_OBJC_WEAK = YES;
				CLANG_WARN_BLOCK_CAPTURE_AUTORELEASING = YES;
				CLANG_WARN_BOOL_CONVERSION = YES;
				CLANG_WARN_COMMA = YES;
				CLANG_WARN_CONSTANT_CONVERSION = YES;
				CLANG_WARN_DEPRECATED_OBJC_IMPLEMENTATIONS = YES;
				CLANG_WARN_DIRECT_OBJC_ISA_USAGE = YES_ERROR;
				CLANG_WARN_DOCUMENTATION_COMMENTS = YES;
				CLANG_WARN_EMPTY_BODY = YES;
				CLANG_WARN_ENUM_CONVERSION = YES;
				CLANG_WARN_INFINITE_RECURSION = YES;
				CLANG_WARN_INT_CONVERSION = YES;
				CLANG_WARN_NON_LITERAL_NULL_CONVERSION = YES;
				CLANG_WARN_OBJC_IMPLICIT_RETAIN_SELF = YES;
				CLANG_WARN_OBJC_LITERAL_CONVERSION = YES;
				CLANG_WARN_OBJC_ROOT_CLASS = YES_ERROR;
				CLANG_WARN_QUOTED_INCLUDE_IN_FRAMEWORK_HEADER = YES;
				CLANG_WARN_RANGE_LOOP_ANALYSIS = YES;
				CLANG_WARN_STRICT_PROTOTYPES = YES;
				CLANG_WARN_SUSPICIOUS_MOVE = YES;
				CLANG_WARN_UNGUARDED_AVAILABILITY = YES_AGGRESSIVE;
				CLANG_WARN_UNREACHABLE_CODE = YES;
				CLANG_WARN__DUPLICATE_METHOD_MATCH = YES;
				COPY_PHASE_STRIP = NO;
				DEAD_CODE_STRIPPING = YES;
				DEBUG_INFORMATION_FORMAT = "dwarf-with-dsym";
				ENABLE_NS_ASSERTIONS = NO;
				ENABLE_STRICT_OBJC_MSGSEND = YES;
				GCC_C_LANGUAGE_STANDARD = gnu11;
				GCC_NO_COMMON_BLOCKS = YES;
				GCC_WARN_64_TO_32_BIT_CONVERSION = YES;
				GCC_WARN_ABOUT_RETURN_TYPE = YES_ERROR;
				GCC_WARN_UNDECLARED_SELECTOR = YES;
				GCC_WARN_UNINITIALIZED_AUTOS = YES_AGGRESSIVE;
				GCC_WARN_UNUSED_FUNCTION = YES;
				GCC_WARN_UNUSED_VARIABLE = YES;
				MACOSX_DEPLOYMENT_TARGET = 13.0;
				MTL_ENABLE_DEBUG_INFO = NO;
				MTL_FAST_MATH = YES;
				SDKROOT = macosx;
				SWIFT_COMPILATION_MODE = wholemodule;
				SWIFT_OPTIMIZATION_LEVEL = "-O";
				UNIT_TEST_BUILD = true;
			};
			name = Release;
		};
		03BD7EAF2598E57A000F9495 /* Debug */ = {
			isa = XCBuildConfiguration;
			buildSettings = {
				ASSETCATALOG_COMPILER_APPICON_NAME = AppIcon;
				ASSETCATALOG_COMPILER_GLOBAL_ACCENT_COLOR_NAME = AccentColor;
				CODE_SIGN_ENTITLEMENTS = CCMenu/Resources/CCMenu.entitlements;
				CODE_SIGN_IDENTITY = "Apple Development";
				"CODE_SIGN_IDENTITY[sdk=macosx*]" = "-";
				CODE_SIGN_STYLE = Automatic;
				COMBINE_HIDPI_IMAGES = YES;
				DEAD_CODE_STRIPPING = YES;
				DEVELOPMENT_ASSET_PATHS = "\"CCMenu/Preview Content\"";
				DEVELOPMENT_TEAM = "";
				ENABLE_HARDENED_RUNTIME = YES;
				ENABLE_PREVIEWS = YES;
				INFOPLIST_FILE = CCMenu/Resources/Info.plist;
				LD_RUNPATH_SEARCH_PATHS = (
					"$(inherited)",
					"@executable_path/../Frameworks",
				);
				PRODUCT_BUNDLE_IDENTIFIER = net.sourceforge.cruisecontrol.CCMenu;
				PRODUCT_NAME = "$(TARGET_NAME)";
				PROVISIONING_PROFILE_SPECIFIER = "";
				SWIFT_VERSION = 5.0;
			};
			name = Debug;
		};
		03BD7EB02598E57A000F9495 /* Release */ = {
			isa = XCBuildConfiguration;
			buildSettings = {
				ASSETCATALOG_COMPILER_APPICON_NAME = AppIcon;
				ASSETCATALOG_COMPILER_GLOBAL_ACCENT_COLOR_NAME = AccentColor;
				CODE_SIGN_ENTITLEMENTS = CCMenu/Resources/CCMenu.entitlements;
				CODE_SIGN_IDENTITY = "Apple Development";
				"CODE_SIGN_IDENTITY[sdk=macosx*]" = "-";
				CODE_SIGN_STYLE = Automatic;
				COMBINE_HIDPI_IMAGES = YES;
				DEAD_CODE_STRIPPING = YES;
				DEVELOPMENT_ASSET_PATHS = "\"CCMenu/Preview Content\"";
				DEVELOPMENT_TEAM = "";
				ENABLE_HARDENED_RUNTIME = YES;
				ENABLE_PREVIEWS = YES;
				INFOPLIST_FILE = CCMenu/Resources/Info.plist;
				LD_RUNPATH_SEARCH_PATHS = (
					"$(inherited)",
					"@executable_path/../Frameworks",
				);
				PRODUCT_BUNDLE_IDENTIFIER = net.sourceforge.cruisecontrol.CCMenu;
				PRODUCT_NAME = "$(TARGET_NAME)";
				PROVISIONING_PROFILE_SPECIFIER = "";
				SWIFT_VERSION = 5.0;
			};
			name = Release;
		};
		03BD7EB22598E57A000F9495 /* Debug */ = {
			isa = XCBuildConfiguration;
			buildSettings = {
				ALWAYS_EMBED_SWIFT_STANDARD_LIBRARIES = YES;
				BUNDLE_LOADER = "$(TEST_HOST)";
				CODE_SIGN_IDENTITY = "Apple Development";
				"CODE_SIGN_IDENTITY[sdk=macosx*]" = "-";
				CODE_SIGN_STYLE = Automatic;
				COMBINE_HIDPI_IMAGES = YES;
				DEAD_CODE_STRIPPING = YES;
				DEVELOPMENT_TEAM = "";
				INFOPLIST_FILE = CCMenuTests/Info.plist;
				LD_RUNPATH_SEARCH_PATHS = (
					"$(inherited)",
					"@executable_path/../Frameworks",
					"@loader_path/../Frameworks",
				);
				PRODUCT_BUNDLE_IDENTIFIER = org.ccmenu.CCMenuTests;
				PRODUCT_NAME = "$(TARGET_NAME)";
				PROVISIONING_PROFILE_SPECIFIER = "";
				SWIFT_VERSION = 5.0;
				TEST_HOST = "$(BUILT_PRODUCTS_DIR)/CCMenu.app/Contents/MacOS/CCMenu";
			};
			name = Debug;
		};
		03BD7EB32598E57A000F9495 /* Release */ = {
			isa = XCBuildConfiguration;
			buildSettings = {
				ALWAYS_EMBED_SWIFT_STANDARD_LIBRARIES = YES;
				BUNDLE_LOADER = "$(TEST_HOST)";
				CODE_SIGN_IDENTITY = "Apple Development";
				"CODE_SIGN_IDENTITY[sdk=macosx*]" = "-";
				CODE_SIGN_STYLE = Automatic;
				COMBINE_HIDPI_IMAGES = YES;
				DEAD_CODE_STRIPPING = YES;
				DEVELOPMENT_TEAM = "";
				INFOPLIST_FILE = CCMenuTests/Info.plist;
				LD_RUNPATH_SEARCH_PATHS = (
					"$(inherited)",
					"@executable_path/../Frameworks",
					"@loader_path/../Frameworks",
				);
				PRODUCT_BUNDLE_IDENTIFIER = org.ccmenu.CCMenuTests;
				PRODUCT_NAME = "$(TARGET_NAME)";
				PROVISIONING_PROFILE_SPECIFIER = "";
				SWIFT_VERSION = 5.0;
				TEST_HOST = "$(BUILT_PRODUCTS_DIR)/CCMenu.app/Contents/MacOS/CCMenu";
			};
			name = Release;
		};
		03BD7EB52598E57A000F9495 /* Debug */ = {
			isa = XCBuildConfiguration;
			buildSettings = {
				ALWAYS_EMBED_SWIFT_STANDARD_LIBRARIES = YES;
				CODE_SIGN_IDENTITY = "Apple Development";
				"CODE_SIGN_IDENTITY[sdk=macosx*]" = "-";
				CODE_SIGN_STYLE = Automatic;
				COMBINE_HIDPI_IMAGES = YES;
				DEAD_CODE_STRIPPING = YES;
				DEVELOPMENT_TEAM = "";
				INFOPLIST_FILE = CCMenuUITests/Info.plist;
				LD_RUNPATH_SEARCH_PATHS = (
					"$(inherited)",
					"@executable_path/../Frameworks",
					"@loader_path/../Frameworks",
				);
				PRODUCT_BUNDLE_IDENTIFIER = org.ccmenu.CCMenuUITests;
				PRODUCT_NAME = "$(TARGET_NAME)";
				PROVISIONING_PROFILE_SPECIFIER = "";
				SWIFT_VERSION = 5.0;
				TEST_TARGET_NAME = CCMenu;
			};
			name = Debug;
		};
		03BD7EB62598E57A000F9495 /* Release */ = {
			isa = XCBuildConfiguration;
			buildSettings = {
				ALWAYS_EMBED_SWIFT_STANDARD_LIBRARIES = YES;
				CODE_SIGN_IDENTITY = "Apple Development";
				"CODE_SIGN_IDENTITY[sdk=macosx*]" = "-";
				CODE_SIGN_STYLE = Automatic;
				COMBINE_HIDPI_IMAGES = YES;
				DEAD_CODE_STRIPPING = YES;
				DEVELOPMENT_TEAM = "";
				INFOPLIST_FILE = CCMenuUITests/Info.plist;
				LD_RUNPATH_SEARCH_PATHS = (
					"$(inherited)",
					"@executable_path/../Frameworks",
					"@loader_path/../Frameworks",
				);
				PRODUCT_BUNDLE_IDENTIFIER = org.ccmenu.CCMenuUITests;
				PRODUCT_NAME = "$(TARGET_NAME)";
				PROVISIONING_PROFILE_SPECIFIER = "";
				SWIFT_VERSION = 5.0;
				TEST_TARGET_NAME = CCMenu;
			};
			name = Release;
		};
/* End XCBuildConfiguration section */

/* Begin XCConfigurationList section */
		03BD7E802598E578000F9495 /* Build configuration list for PBXProject "CCMenu" */ = {
			isa = XCConfigurationList;
			buildConfigurations = (
				03BD7EAC2598E57A000F9495 /* Debug */,
				03BD7EAD2598E57A000F9495 /* Release */,
			);
			defaultConfigurationIsVisible = 0;
			defaultConfigurationName = Release;
		};
		03BD7EAE2598E57A000F9495 /* Build configuration list for PBXNativeTarget "CCMenu" */ = {
			isa = XCConfigurationList;
			buildConfigurations = (
				03BD7EAF2598E57A000F9495 /* Debug */,
				03BD7EB02598E57A000F9495 /* Release */,
			);
			defaultConfigurationIsVisible = 0;
			defaultConfigurationName = Release;
		};
		03BD7EB12598E57A000F9495 /* Build configuration list for PBXNativeTarget "CCMenuTests" */ = {
			isa = XCConfigurationList;
			buildConfigurations = (
				03BD7EB22598E57A000F9495 /* Debug */,
				03BD7EB32598E57A000F9495 /* Release */,
			);
			defaultConfigurationIsVisible = 0;
			defaultConfigurationName = Release;
		};
		03BD7EB42598E57A000F9495 /* Build configuration list for PBXNativeTarget "CCMenuUITests" */ = {
			isa = XCConfigurationList;
			buildConfigurations = (
				03BD7EB52598E57A000F9495 /* Debug */,
				03BD7EB62598E57A000F9495 /* Release */,
			);
			defaultConfigurationIsVisible = 0;
			defaultConfigurationName = Release;
		};
/* End XCConfigurationList section */
	};
	rootObject = 03BD7E7D2598E578000F9495 /* Project object */;
}
